<?xml version="1.0" encoding="utf-8"?>
<Project xmlns="http://schemas.microsoft.com/developer/msbuild/2003">
  <ItemGroup>
    <Filter Include="Form Files">
      <UniqueIdentifier>{99349809-55BA-4b9d-BF79-8FDBB0286EB3}</UniqueIdentifier>
      <Extensions>ui</Extensions>
      <ParseFiles>false</ParseFiles>
    </Filter>
    <Filter Include="Form Files">
      <UniqueIdentifier>{99349809-55BA-4b9d-BF79-8FDBB0286EB3}</UniqueIdentifier>
      <Extensions>ui</Extensions>
      <ParseFiles>false</ParseFiles>
    </Filter>
    <Filter Include="Generated Files">
      <UniqueIdentifier>{71ED8ED8-ACB9-4CE9-BBE1-E00B30144E11}</UniqueIdentifier>
      <Extensions>cpp;c;cxx;moc;h;def;odl;idl;res;</Extensions>
    </Filter>
    <Filter Include="Generated Files">
      <UniqueIdentifier>{71ED8ED8-ACB9-4CE9-BBE1-E00B30144E11}</UniqueIdentifier>
      <Extensions>cpp;c;cxx;moc;h;def;odl;idl;res;</Extensions>
    </Filter>
    <Filter Include="Header Files">
      <UniqueIdentifier>{93995380-89BD-4b04-88EB-625FBE52EBFB}</UniqueIdentifier>
      <Extensions>h;hpp;hxx;hm;inl;inc;xsd</Extensions>
    </Filter>
    <Filter Include="Resource Files">
      <UniqueIdentifier>{D9D6E242-F8AF-46E4-B9FD-80ECBC20BA3E}</UniqueIdentifier>
      <Extensions>qrc;*</Extensions>
      <ParseFiles>false</ParseFiles>
    </Filter>
    <Filter Include="Resource Files">
      <UniqueIdentifier>{D9D6E242-F8AF-46E4-B9FD-80ECBC20BA3E}</UniqueIdentifier>
      <Extensions>qrc;*</Extensions>
      <ParseFiles>false</ParseFiles>
    </Filter>
    <Filter Include="Source Files">
      <UniqueIdentifier>{4FC737F1-C7A5-4376-A066-2A32D752A2FF}</UniqueIdentifier>
      <Extensions>cpp;c;cxx;def;odl;idl;hpj;bat;asm;asmx</Extensions>
    </Filter>
    <Filter Include="Project Files">
      <UniqueIdentifier>{16c52ca8-0391-4ad2-919c-4a865ad87e98}</UniqueIdentifier>
    </Filter>
    <Filter Include="Qt Files">
      <UniqueIdentifier>{945b98a5-ad02-4b58-abf0-ee6570e315ef}</UniqueIdentifier>
    </Filter>
    <Filter Include="Qt Files\test">
      <UniqueIdentifier>{944f132b-1dc6-4222-a345-79e3d2c821e7}</UniqueIdentifier>
    </Filter>
    <Filter Include="Perfect AI Files">
      <UniqueIdentifier>{d93d8682-a140-4172-a71d-d32ed65560cb}</UniqueIdentifier>
    </Filter>
  </ItemGroup>
  <ItemGroup>
    <ClInclude Include="resource.h">
      <Filter>Generated Files</Filter>
    </ClInclude>
    <ClInclude Include="include\config.h">
      <Filter>Header Files</Filter>
    </ClInclude>
    <ClInclude Include="include\version.h">
      <Filter>Header Files</Filter>
    </ClInclude>
    <ClInclude Include="src\bitboard.h">
      <Filter>Header Files</Filter>
    </ClInclude>
    <ClInclude Include="src\debug.h">
      <Filter>Header Files</Filter>
    </ClInclude>
    <ClInclude Include="src\evaluate.h">
      <Filter>Header Files</Filter>
    </ClInclude>
    <ClInclude Include="src\endgame.h">
      <Filter>Header Files</Filter>
    </ClInclude>
    <ClInclude Include="src\hashmap.h">
      <Filter>Header Files</Filter>
    </ClInclude>
    <ClInclude Include="src\hashnode.h">
      <Filter>Header Files</Filter>
    </ClInclude>
    <ClInclude Include="src\misc.h">
      <Filter>Header Files</Filter>
    </ClInclude>
    <ClInclude Include="src\movegen.h">
      <Filter>Header Files</Filter>
    </ClInclude>
    <ClInclude Include="src\movepick.h">
      <Filter>Header Files</Filter>
    </ClInclude>
    <ClInclude Include="src\position.h">
      <Filter>Header Files</Filter>
    </ClInclude>
    <ClInclude Include="src\search.h">
      <Filter>Header Files</Filter>
    </ClInclude>
    <ClInclude Include="src\rule.h">
      <Filter>Header Files</Filter>
    </ClInclude>
    <ClInclude Include="src\stopwatch.h">
      <Filter>Header Files</Filter>
    </ClInclude>
    <ClInclude Include="src\types.h">
      <Filter>Header Files</Filter>
    </ClInclude>
    <ClInclude Include="src\tt.h">
      <Filter>Header Files</Filter>
    </ClInclude>
    <ClInclude Include="src\stack.h">
      <Filter>Header Files</Filter>
    </ClInclude>
    <ClInclude Include="src\option.h">
      <Filter>Header Files</Filter>
    </ClInclude>
    <ClInclude Include="src\ui\qt\boarditem.h">
      <Filter>Qt Files</Filter>
    </ClInclude>
    <ClInclude Include="src\ui\qt\graphicsconst.h">
      <Filter>Qt Files</Filter>
    </ClInclude>
    <ClInclude Include="src\uci.h">
      <Filter>Header Files</Filter>
    </ClInclude>
    <ClInclude Include="src\mills.h">
      <Filter>Header Files</Filter>
    </ClInclude>
    <ClInclude Include="src\thread_win32_osx.h">
      <Filter>Header Files</Filter>
    </ClInclude>
    <ClInclude Include="src\perfect\bufferedFile.h">
      <Filter>Perfect AI Files</Filter>
    </ClInclude>
    <ClInclude Include="src\perfect\cyclicArray.h">
      <Filter>Perfect AI Files</Filter>
    </ClInclude>
    <ClInclude Include="src\perfect\mill.h">
      <Filter>Perfect AI Files</Filter>
    </ClInclude>
    <ClInclude Include="src\perfect\millAI.h">
      <Filter>Perfect AI Files</Filter>
    </ClInclude>
    <ClInclude Include="src\perfect\miniMax.h">
      <Filter>Perfect AI Files</Filter>
    </ClInclude>
    <ClInclude Include="src\perfect\miniMax_retroAnalysis.h">
      <Filter>Perfect AI Files</Filter>
    </ClInclude>
    <ClInclude Include="src\perfect\miniMaxAI.h">
      <Filter>Perfect AI Files</Filter>
    </ClInclude>
    <ClInclude Include="src\perfect\miniMaxWin.h">
      <Filter>Perfect AI Files</Filter>
    </ClInclude>
    <ClInclude Include="src\perfect\perfectAI.h">
      <Filter>Perfect AI Files</Filter>
    </ClInclude>
    <ClInclude Include="src\perfect\randomAI.h">
      <Filter>Perfect AI Files</Filter>
    </ClInclude>
    <ClInclude Include="src\perfect\strLib.h">
      <Filter>Perfect AI Files</Filter>
    </ClInclude>
    <ClInclude Include="src\perfect\threadManager.h">
      <Filter>Perfect AI Files</Filter>
    </ClInclude>
    <ClInclude Include="src\perfect\perfect.h">
      <Filter>Perfect AI Files</Filter>
    </ClInclude>
  </ItemGroup>
  <ItemGroup>
    <CustomBuild Include="debug\moc_predefs.h.cbt">
      <Filter>Generated Files</Filter>
    </CustomBuild>
    <CustomBuild Include="release\moc_predefs.h.cbt">
      <Filter>Generated Files</Filter>
    </CustomBuild>
  </ItemGroup>
  <ItemGroup>
    <None Include="Resources\icon\ActualSizeHS.png">
      <Filter>Resource Files</Filter>
    </None>
    <None Include="Resources\icon\Black.png">
      <Filter>Resource Files</Filter>
    </None>
    <None Include="Resources\icon\BreakpointHS.png">
      <Filter>Resource Files</Filter>
    </None>
    <None Include="Resources\icon\DocumentHS.png">
      <Filter>Resource Files</Filter>
    </None>
    <None Include="Resources\icon\EditInformationHS.png">
      <Filter>Resource Files</Filter>
    </None>
    <None Include="Resources\icon\EditTableHS.png">
      <Filter>Resource Files</Filter>
    </None>
    <None Include="Resources\icon\Error.png">
      <Filter>Resource Files</Filter>
    </None>
    <None Include="Resources\icon\First.png">
      <Filter>Resource Files</Filter>
    </None>
    <None Include="Resources\icon\FlipHorizontalHS.png">
      <Filter>Resource Files</Filter>
    </None>
    <None Include="Resources\icon\FlipVerticalHS.png">
      <Filter>Resource Files</Filter>
    </None>
    <None Include="Resources\icon\FullScreenHS.png">
      <Filter>Resource Files</Filter>
    </None>
    <None Include="Resources\icon\Help.png">
      <Filter>Resource Files</Filter>
    </None>
    <None Include="Resources\icon\HomeHS.png">
      <Filter>Resource Files</Filter>
    </None>
    <None Include="Resources\icon\Invert.png">
      <Filter>Resource Files</Filter>
    </None>
    <None Include="Resources\icon\Last.png">
      <Filter>Resource Files</Filter>
    </None>
    <None Include="Resources\icon\LeftHS.png">
      <Filter>Resource Files</Filter>
    </None>
    <None Include="Resources\icon\LegendHS.png">
      <Filter>Resource Files</Filter>
    </None>
    <None Include="Resources\icon\NewDocumentHS.png">
      <Filter>Resource Files</Filter>
    </None>
    <None Include="Resources\icon\Next.png">
      <Filter>Resource Files</Filter>
    </None>
    <None Include="Resources\icon\OpenHS.png">
      <Filter>Resource Files</Filter>
    </None>
    <None Include="Resources\icon\OptionsHS.png">
      <Filter>Resource Files</Filter>
    </None>
    <None Include="Resources\icon\Pause.png">
      <Filter>Resource Files</Filter>
    </None>
    <None Include="Resources\icon\Play.png">
      <Filter>Resource Files</Filter>
    </None>
    <None Include="Resources\icon\Previous.png">
      <Filter>Resource Files</Filter>
    </None>
    <None Include="Resources\icon\PrimaryKeyHS.png">
      <Filter>Resource Files</Filter>
    </None>
    <None Include="Resources\icon\Refresh.png">
      <Filter>Resource Files</Filter>
    </None>
    <None Include="Resources\icon\Request.png">
      <Filter>Resource Files</Filter>
    </None>
    <None Include="Resources\icon\RestartHS.png">
      <Filter>Resource Files</Filter>
    </None>
    <None Include="Resources\icon\RightHS.png">
      <Filter>Resource Files</Filter>
    </None>
    <None Include="Resources\icon\SaveHS.png">
      <Filter>Resource Files</Filter>
    </None>
    <None Include="Resources\icon\Web.png">
      <Filter>Resource Files</Filter>
    </None>
    <None Include="Resources\icon\White.png">
      <Filter>Resource Files</Filter>
    </None>
    <None Include="Resources\image\background.png">
      <Filter>Resource Files</Filter>
    </None>
    <None Include="Resources\image\black_piece.png">
      <Filter>Resource Files</Filter>
    </None>
    <None Include="Resources\image\board.png">
      <Filter>Resource Files</Filter>
    </None>
    <None Include="Resources\image\white_piece.png">
      <Filter>Resource Files</Filter>
    </None>
    <None Include="include\version.h.template">
      <Filter>Header Files</Filter>
    </None>
    <None Include="millgame.pro">
      <Filter>Project Files</Filter>
    </None>
    <None Include="src\Makefile">
      <Filter>Source Files</Filter>
    </None>
  </ItemGroup>
  <ItemGroup>
    <QtMoc Include="src\test\test.h">
      <Filter>Qt Files\test</Filter>
    </QtMoc>
    <QtMoc Include="src\ui\qt\client.h">
      <Filter>Qt Files</Filter>
    </QtMoc>
    <QtMoc Include="src\ui\qt\gamescene.h">
      <Filter>Qt Files</Filter>
    </QtMoc>
    <QtMoc Include="src\ui\qt\gameview.h">
      <Filter>Qt Files</Filter>
    </QtMoc>
    <QtMoc Include="src\ui\qt\gamewindow.h">
      <Filter>Qt Files</Filter>
    </QtMoc>
    <QtMoc Include="src\ui\qt\manuallistview.h">
      <Filter>Qt Files</Filter>
    </QtMoc>
    <QtMoc Include="src\ui\qt\pieceitem.h">
      <Filter>Qt Files</Filter>
    </QtMoc>
    <QtMoc Include="src\ui\qt\server.h">
      <Filter>Qt Files</Filter>
    </QtMoc>
    <QtMoc Include="src\thread.h">
      <Filter>Header Files</Filter>
    </QtMoc>
    <QtMoc Include="src\ui\qt\game.h">
      <Filter>Qt Files</Filter>
    </QtMoc>
  </ItemGroup>
  <ItemGroup>
    <ClCompile Include="src\test\test.cpp">
      <Filter>Qt Files\test</Filter>
    </ClCompile>
    <ClCompile Include="src\endgame.cpp">
      <Filter>Source Files</Filter>
    </ClCompile>
    <ClCompile Include="src\evaluate.cpp">
      <Filter>Source Files</Filter>
    </ClCompile>
    <ClCompile Include="src\movegen.cpp">
      <Filter>Source Files</Filter>
    </ClCompile>
    <ClCompile Include="src\movepick.cpp">
      <Filter>Source Files</Filter>
    </ClCompile>
    <ClCompile Include="src\search.cpp">
      <Filter>Source Files</Filter>
    </ClCompile>
    <ClCompile Include="src\tt.cpp">
      <Filter>Source Files</Filter>
    </ClCompile>
    <ClCompile Include="src\misc.cpp">
      <Filter>Source Files</Filter>
    </ClCompile>
    <ClCompile Include="src\thread.cpp">
      <Filter>Source Files</Filter>
    </ClCompile>
    <ClCompile Include="src\bitboard.cpp">
      <Filter>Source Files</Filter>
    </ClCompile>
    <ClCompile Include="src\option.cpp">
      <Filter>Source Files</Filter>
    </ClCompile>
    <ClCompile Include="src\position.cpp">
      <Filter>Source Files</Filter>
    </ClCompile>
    <ClCompile Include="src\rule.cpp">
      <Filter>Source Files</Filter>
    </ClCompile>
    <ClCompile Include="src\ui\qt\boarditem.cpp">
      <Filter>Qt Files</Filter>
    </ClCompile>
    <ClCompile Include="src\ui\qt\client.cpp">
      <Filter>Qt Files</Filter>
    </ClCompile>
    <ClCompile Include="src\ui\qt\gamescene.cpp">
      <Filter>Qt Files</Filter>
    </ClCompile>
    <ClCompile Include="src\ui\qt\gameview.cpp">
      <Filter>Qt Files</Filter>
    </ClCompile>
    <ClCompile Include="src\ui\qt\gamewindow.cpp">
      <Filter>Qt Files</Filter>
    </ClCompile>
    <ClCompile Include="src\ui\qt\pieceitem.cpp">
      <Filter>Qt Files</Filter>
    </ClCompile>
    <ClCompile Include="src\ui\qt\server.cpp">
      <Filter>Qt Files</Filter>
    </ClCompile>
    <ClCompile Include="src\uci.cpp">
      <Filter>Source Files</Filter>
    </ClCompile>
    <ClCompile Include="src\ucioption.cpp">
      <Filter>Source Files</Filter>
    </ClCompile>
    <ClCompile Include="src\ui\qt\winmain.cpp">
      <Filter>Qt Files</Filter>
    </ClCompile>
    <ClCompile Include="src\main.cpp">
      <Filter>Source Files</Filter>
    </ClCompile>
    <ClCompile Include="src\ui\qt\game.cpp">
      <Filter>Qt Files</Filter>
    </ClCompile>
    <ClCompile Include="src\mills.cpp">
      <Filter>Source Files</Filter>
    </ClCompile>
    <ClCompile Include="src\perfect\bufferedFile.cpp">
      <Filter>Perfect AI Files</Filter>
    </ClCompile>
    <ClCompile Include="src\perfect\cyclicArray.cpp">
      <Filter>Perfect AI Files</Filter>
    </ClCompile>
    <ClCompile Include="src\perfect\mill.cpp">
      <Filter>Perfect AI Files</Filter>
    </ClCompile>
    <ClCompile Include="src\perfect\millAI.cpp">
      <Filter>Perfect AI Files</Filter>
    </ClCompile>
    <ClCompile Include="src\perfect\miniMax.cpp">
      <Filter>Perfect AI Files</Filter>
    </ClCompile>
    <ClCompile Include="src\perfect\miniMax_alphaBetaAlgorithmn.cpp">
      <Filter>Perfect AI Files</Filter>
    </ClCompile>
    <ClCompile Include="src\perfect\miniMax_database.cpp">
      <Filter>Perfect AI Files</Filter>
    </ClCompile>
    <ClCompile Include="src\perfect\miniMax_retroAnalysis.cpp">
      <Filter>Perfect AI Files</Filter>
    </ClCompile>
    <ClCompile Include="src\perfect\miniMax_statistics.cpp">
      <Filter>Perfect AI Files</Filter>
    </ClCompile>
    <ClCompile Include="src\perfect\miniMax_test.cpp">
      <Filter>Perfect AI Files</Filter>
    </ClCompile>
    <ClCompile Include="src\perfect\minMaxAI.cpp">
      <Filter>Perfect AI Files</Filter>
    </ClCompile>
    <ClCompile Include="src\perfect\perfectAI.cpp">
      <Filter>Perfect AI Files</Filter>
    </ClCompile>
    <ClCompile Include="src\perfect\randomAI.cpp">
      <Filter>Perfect AI Files</Filter>
    </ClCompile>
    <ClCompile Include="src\perfect\strLib.cpp">
      <Filter>Perfect AI Files</Filter>
    </ClCompile>
    <ClCompile Include="src\perfect\threadManager.cpp">
      <Filter>Perfect AI Files</Filter>
    </ClCompile>
    <ClCompile Include="src\perfect\perfect.cpp">
      <Filter>Perfect AI Files</Filter>
    </ClCompile>
  </ItemGroup>
  <ItemGroup>
    <ResourceCompile Include="millgame.rc">
      <Filter>Project Files</Filter>
    </ResourceCompile>
  </ItemGroup>
  <ItemGroup>
    <Image Include="millgame.ico">
      <Filter>Project Files</Filter>
    </Image>
    <Image Include="resources\icon\ic_account_child_black_48dp.png">
      <Filter>Resource Files</Filter>
    </Image>
    <Image Include="resources\icon\ic_desktop_windows_black_48dp.png">
      <Filter>Resource Files</Filter>
    </Image>
    <Image Include="resources\icon\ic_flag_black_48dp.png">
      <Filter>Resource Files</Filter>
    </Image>
    <Image Include="resources\icon\ic_fullscreen_black_48dp.png">
      <Filter>Resource Files</Filter>
    </Image>
    <Image Include="resources\icon\ic_insert_emoticon_black_48dp.png">
      <Filter>Resource Files</Filter>
    </Image>
    <Image Include="resources\icon\ic_laptop_windows_black_48dp.png">
      <Filter>Resource Files</Filter>
    </Image>
    <Image Include="resources\icon\ic_lens_black_48dp.png">
      <Filter>Resource Files</Filter>
    </Image>
    <Image Include="resources\icon\ic_menu_black_48dp.png">
      <Filter>Resource Files</Filter>
    </Image>
    <Image Include="resources\icon\ic_more_vert_black_48dp.png">
      <Filter>Resource Files</Filter>
    </Image>
    <Image Include="resources\icon\ic_panorama_fisheye_black_48dp.png">
      <Filter>Resource Files</Filter>
    </Image>
    <Image Include="resources\icon\ic_people_outline_black_48dp.png">
      <Filter>Resource Files</Filter>
    </Image>
    <Image Include="resources\icon\ic_radio_button_on_black_48dp.png">
      <Filter>Resource Files</Filter>
    </Image>
    <Image Include="resources\icon\ic_remove_circle_outline_black_48dp.png">
      <Filter>Resource Files</Filter>
    </Image>
    <Image Include="resources\icon\ic_reply_black_48dp.png">
      <Filter>Resource Files</Filter>
    </Image>
    <Image Include="resources\icon\ic_undo_black_48dp.png">
      <Filter>Resource Files</Filter>
    </Image>
    <Image Include="resources\icon\ic_visibility_black_48dp.png">
      <Filter>Resource Files</Filter>
    </Image>
  </ItemGroup>
  <ItemGroup>
    <Media Include="resources\sound\drog.wav">
      <Filter>Resource Files</Filter>
    </Media>
    <Media Include="resources\sound\forbidden.wav">
      <Filter>Resource Files</Filter>
    </Media>
    <Media Include="resources\sound\loss.wav">
      <Filter>Resource Files</Filter>
    </Media>
    <Media Include="resources\sound\move.wav">
      <Filter>Resource Files</Filter>
    </Media>
    <Media Include="resources\sound\newgame.wav">
      <Filter>Resource Files</Filter>
    </Media>
    <Media Include="resources\sound\win.wav">
      <Filter>Resource Files</Filter>
    </Media>
    <Media Include="resources\sound\warning.wav">
      <Filter>Resource Files</Filter>
    </Media>
    <Media Include="resources\sound\BlockMill_B.wav">
      <Filter>Resource Files</Filter>
    </Media>
    <Media Include="resources\sound\BlockMill_W.wav">
      <Filter>Resource Files</Filter>
    </Media>
    <Media Include="resources\sound\Draw.wav">
      <Filter>Resource Files</Filter>
    </Media>
    <Media Include="resources\sound\GameStart.wav">
      <Filter>Resource Files</Filter>
    </Media>
    <Media Include="resources\sound\Mill_B.wav">
      <Filter>Resource Files</Filter>
    </Media>
    <Media Include="resources\sound\Mill_W.wav">
      <Filter>Resource Files</Filter>
    </Media>
    <Media Include="resources\sound\MillRepeatly_B.wav">
      <Filter>Resource Files</Filter>
    </Media>
    <Media Include="resources\sound\MillRepeatly_W.wav">
      <Filter>Resource Files</Filter>
    </Media>
    <Media Include="resources\sound\NextMill_B.wav">
      <Filter>Resource Files</Filter>
    </Media>
    <Media Include="resources\sound\NextMill_W.wav">
      <Filter>Resource Files</Filter>
    </Media>
    <Media Include="resources\sound\Obvious.wav">
      <Filter>Resource Files</Filter>
    </Media>
    <Media Include="resources\sound\RepeatThreeDraw.wav">
      <Filter>Resource Files</Filter>
    </Media>
    <Media Include="resources\sound\Side_B.wav">
      <Filter>Resource Files</Filter>
    </Media>
    <Media Include="resources\sound\Side_W.wav">
      <Filter>Resource Files</Filter>
    </Media>
    <Media Include="resources\sound\Star_B.wav">
      <Filter>Resource Files</Filter>
    </Media>
    <Media Include="resources\sound\Star_W.wav">
      <Filter>Resource Files</Filter>
    </Media>
    <Media Include="resources\sound\Suffocated_B.wav">
      <Filter>Resource Files</Filter>
    </Media>
    <Media Include="resources\sound\Suffocated_W.wav">
      <Filter>Resource Files</Filter>
    </Media>
    <Media Include="resources\sound\Vantage.wav">
      <Filter>Resource Files</Filter>
    </Media>
    <Media Include="resources\sound\Very.wav">
      <Filter>Resource Files</Filter>
    </Media>
    <Media Include="resources\sound\Win_B.wav">
      <Filter>Resource Files</Filter>
    </Media>
    <Media Include="resources\sound\Win_W.wav">
      <Filter>Resource Files</Filter>
    </Media>
    <Media Include="resources\sound\WinsAndLossesAreObvious.wav">
      <Filter>Resource Files</Filter>
    </Media>
    <Media Include="resources\sound\Resign_B.wav">
      <Filter>Resource Files</Filter>
    </Media>
    <Media Include="resources\sound\Resign_W.wav">
      <Filter>Resource Files</Filter>
    </Media>
    <Media Include="resources\sound\Capture_B.wav">
      <Filter>Resource Files</Filter>
    </Media>
    <Media Include="resources\sound\Capture_W.wav">
      <Filter>Resource Files</Filter>
    </Media>
    <Media Include="resources\sound\choose.wav">
      <Filter>Resource Files</Filter>
    </Media>
  </ItemGroup>
  <ItemGroup>
    <QtRcc Include="gamewindow.qrc">
      <Filter>Resource Files</Filter>
    </QtRcc>
  </ItemGroup>
  <ItemGroup>
    <QtUic Include="gamewindow.ui">
      <Filter>Form Files</Filter>
    </QtUic>
  </ItemGroup>
</Project>