<?xml version="1.0" encoding="utf-8"?>
<Project xmlns="http://schemas.microsoft.com/developer/msbuild/2003">
  <ItemGroup>
    <Filter Include="Form Files">
      <UniqueIdentifier>{99349809-55BA-4b9d-BF79-8FDBB0286EB3}</UniqueIdentifier>
      <Extensions>ui</Extensions>
      <ParseFiles>false</ParseFiles>
    </Filter>
    <Filter Include="Form Files">
      <UniqueIdentifier>{99349809-55BA-4b9d-BF79-8FDBB0286EB3}</UniqueIdentifier>
      <Extensions>ui</Extensions>
      <ParseFiles>false</ParseFiles>
    </Filter>
    <Filter Include="Generated Files">
      <UniqueIdentifier>{71ED8ED8-ACB9-4CE9-BBE1-E00B30144E11}</UniqueIdentifier>
      <Extensions>cpp;c;cxx;moc;h;def;odl;idl;res;</Extensions>
    </Filter>
    <Filter Include="Generated Files">
      <UniqueIdentifier>{71ED8ED8-ACB9-4CE9-BBE1-E00B30144E11}</UniqueIdentifier>
      <Extensions>cpp;c;cxx;moc;h;def;odl;idl;res;</Extensions>
    </Filter>
    <Filter Include="Header Files">
      <UniqueIdentifier>{93995380-89BD-4b04-88EB-625FBE52EBFB}</UniqueIdentifier>
      <Extensions>h;hpp;hxx;hm;inl;inc;xsd</Extensions>
    </Filter>
    <Filter Include="Resource Files">
      <UniqueIdentifier>{D9D6E242-F8AF-46E4-B9FD-80ECBC20BA3E}</UniqueIdentifier>
      <Extensions>qrc;*</Extensions>
      <ParseFiles>false</ParseFiles>
    </Filter>
    <Filter Include="Resource Files">
      <UniqueIdentifier>{D9D6E242-F8AF-46E4-B9FD-80ECBC20BA3E}</UniqueIdentifier>
      <Extensions>qrc;*</Extensions>
      <ParseFiles>false</ParseFiles>
    </Filter>
    <Filter Include="Source Files">
      <UniqueIdentifier>{4FC737F1-C7A5-4376-A066-2A32D752A2FF}</UniqueIdentifier>
      <Extensions>cpp;c;cxx;def;odl;idl;hpj;bat;asm;asmx</Extensions>
    </Filter>
    <Filter Include="Project Files">
      <UniqueIdentifier>{16c52ca8-0391-4ad2-919c-4a865ad87e98}</UniqueIdentifier>
    </Filter>
    <Filter Include="ai">
      <UniqueIdentifier>{d56e01a7-0384-4d80-8a77-d84d0b5f833f}</UniqueIdentifier>
    </Filter>
    <Filter Include="game">
      <UniqueIdentifier>{b46f9543-9c34-4458-bc3b-29223bfd7fe1}</UniqueIdentifier>
    </Filter>
    <Filter Include="ui">
      <UniqueIdentifier>{6580c956-6aa7-472b-a665-9e36fe68b3f9}</UniqueIdentifier>
    </Filter>
    <Filter Include="base">
      <UniqueIdentifier>{c5349658-6cbb-4076-8529-29de7092f9d8}</UniqueIdentifier>
    </Filter>
  </ItemGroup>
  <ItemGroup>
    <ClInclude Include="resource.h">
      <Filter>Generated Files</Filter>
    </ClInclude>
    <ClInclude Include="include\config.h">
      <Filter>Header Files</Filter>
    </ClInclude>
    <ClInclude Include="include\version.h">
      <Filter>Header Files</Filter>
    </ClInclude>
    <ClInclude Include="src\ai\zobrist.h">
      <Filter>ai</Filter>
    </ClInclude>
    <ClInclude Include="src\base\stackalloc.h">
      <Filter>base</Filter>
    </ClInclude>
    <ClInclude Include="src\ui\qt\boarditem.h">
      <Filter>ui</Filter>
    </ClInclude>
    <ClInclude Include="src\ui\qt\graphicsconst.h">
      <Filter>ui</Filter>
    </ClInclude>
    <ClInclude Include="src\base\MemoryPool.h">
      <Filter>base</Filter>
    </ClInclude>
    <ClInclude Include="src\base\HashNode.h">
      <Filter>base</Filter>
    </ClInclude>
    <ClInclude Include="src\base\hashmap.h">
      <Filter>base</Filter>
    </ClInclude>
    <ClInclude Include="src\ai\search.h">
      <Filter>ai</Filter>
    </ClInclude>
    <ClInclude Include="src\base\debug.h">
      <Filter>base</Filter>
    </ClInclude>
    <ClInclude Include="src\ai\evaluate.h">
      <Filter>ai</Filter>
    </ClInclude>
    <ClInclude Include="src\ai\movegen.h">
      <Filter>ai</Filter>
    </ClInclude>
    <ClInclude Include="src\game\board.h">
      <Filter>game</Filter>
    </ClInclude>
    <ClInclude Include="src\game\rule.h">
      <Filter>game</Filter>
    </ClInclude>
    <ClInclude Include="src\game\types.h">
      <Filter>game</Filter>
    </ClInclude>
    <ClInclude Include="src\ai\tt.h">
      <Filter>ai</Filter>
    </ClInclude>
    <ClInclude Include="src\game\position.h">
      <Filter>game</Filter>
    </ClInclude>
    <ClInclude Include="src\base\misc.h">
      <Filter>base</Filter>
    </ClInclude>
  </ItemGroup>
  <ItemGroup>
    <CustomBuild Include="debug\moc_predefs.h.cbt">
      <Filter>Generated Files</Filter>
    </CustomBuild>
    <CustomBuild Include="release\moc_predefs.h.cbt">
      <Filter>Generated Files</Filter>
    </CustomBuild>
  </ItemGroup>
  <ItemGroup>
    <None Include="Resources\icon\ActualSizeHS.png">
      <Filter>Resource Files</Filter>
    </None>
    <None Include="Resources\icon\Black.png">
      <Filter>Resource Files</Filter>
    </None>
    <None Include="Resources\icon\BreakpointHS.png">
      <Filter>Resource Files</Filter>
    </None>
    <None Include="Resources\icon\DocumentHS.png">
      <Filter>Resource Files</Filter>
    </None>
    <None Include="Resources\icon\EditInformationHS.png">
      <Filter>Resource Files</Filter>
    </None>
    <None Include="Resources\icon\EditTableHS.png">
      <Filter>Resource Files</Filter>
    </None>
    <None Include="Resources\icon\Error.png">
      <Filter>Resource Files</Filter>
    </None>
    <None Include="Resources\icon\First.png">
      <Filter>Resource Files</Filter>
    </None>
    <None Include="Resources\icon\FlipHorizontalHS.png">
      <Filter>Resource Files</Filter>
    </None>
    <None Include="Resources\icon\FlipVerticalHS.png">
      <Filter>Resource Files</Filter>
    </None>
    <None Include="Resources\icon\FullScreenHS.png">
      <Filter>Resource Files</Filter>
    </None>
    <None Include="Resources\icon\Help.png">
      <Filter>Resource Files</Filter>
    </None>
    <None Include="Resources\icon\HomeHS.png">
      <Filter>Resource Files</Filter>
    </None>
    <None Include="Resources\icon\Invert.png">
      <Filter>Resource Files</Filter>
    </None>
    <None Include="Resources\icon\Last.png">
      <Filter>Resource Files</Filter>
    </None>
    <None Include="Resources\icon\LeftHS.png">
      <Filter>Resource Files</Filter>
    </None>
    <None Include="Resources\icon\LegendHS.png">
      <Filter>Resource Files</Filter>
    </None>
    <None Include="Resources\icon\NewDocumentHS.png">
      <Filter>Resource Files</Filter>
    </None>
    <None Include="Resources\icon\Next.png">
      <Filter>Resource Files</Filter>
    </None>
    <None Include="Resources\icon\OpenHS.png">
      <Filter>Resource Files</Filter>
    </None>
    <None Include="Resources\icon\OptionsHS.png">
      <Filter>Resource Files</Filter>
    </None>
    <None Include="Resources\icon\Pause.png">
      <Filter>Resource Files</Filter>
    </None>
    <None Include="Resources\icon\Play.png">
      <Filter>Resource Files</Filter>
    </None>
    <None Include="Resources\icon\Previous.png">
      <Filter>Resource Files</Filter>
    </None>
    <None Include="Resources\icon\PrimaryKeyHS.png">
      <Filter>Resource Files</Filter>
    </None>
    <None Include="Resources\icon\Refresh.png">
      <Filter>Resource Files</Filter>
    </None>
    <None Include="Resources\icon\Request.png">
      <Filter>Resource Files</Filter>
    </None>
    <None Include="Resources\icon\RestartHS.png">
      <Filter>Resource Files</Filter>
    </None>
    <None Include="Resources\icon\RightHS.png">
      <Filter>Resource Files</Filter>
    </None>
    <None Include="Resources\icon\SaveHS.png">
      <Filter>Resource Files</Filter>
    </None>
    <None Include="Resources\icon\Web.png">
      <Filter>Resource Files</Filter>
    </None>
    <None Include="Resources\icon\White.png">
      <Filter>Resource Files</Filter>
    </None>
    <None Include="Resources\image\background.png">
      <Filter>Resource Files</Filter>
    </None>
    <None Include="Resources\image\black_piece.png">
      <Filter>Resource Files</Filter>
    </None>
    <None Include="Resources\image\board.png">
      <Filter>Resource Files</Filter>
    </None>
    <None Include="Resources\image\white_piece.png">
      <Filter>Resource Files</Filter>
    </None>
    <None Include="include\version.h.template">
      <Filter>Header Files</Filter>
    </None>
    <None Include="millgame.pro">
      <Filter>Project Files</Filter>
    </None>
    <None Include="src\base\MemoryPool.tcc">
      <Filter>base</Filter>
    </None>
  </ItemGroup>
  <ItemGroup>
    <QtMoc Include="src\ui\qt\gamecontroller.h">
      <Filter>ui</Filter>
    </QtMoc>
    <QtMoc Include="src\ui\qt\gamescene.h">
      <Filter>ui</Filter>
    </QtMoc>
    <QtMoc Include="src\ui\qt\client.h">
      <Filter>ui</Filter>
    </QtMoc>
    <QtMoc Include="src\ui\qt\gameview.h">
      <Filter>ui</Filter>
    </QtMoc>
    <QtMoc Include="src\ui\qt\gamewindow.h">
      <Filter>ui</Filter>
    </QtMoc>
    <QtMoc Include="src\ui\qt\manuallistview.h">
      <Filter>ui</Filter>
    </QtMoc>
    <QtMoc Include="src\ui\qt\pieceitem.h">
      <Filter>ui</Filter>
    </QtMoc>
    <QtMoc Include="src\ui\qt\server.h">
      <Filter>ui</Filter>
    </QtMoc>
    <QtMoc Include="src\base\thread.h">
      <Filter>base</Filter>
    </QtMoc>
  </ItemGroup>
  <ItemGroup>
    <ClCompile Include="src\main.cpp">
      <Filter>Source Files</Filter>
    </ClCompile>
    <ClCompile Include="src\base\thread.cpp">
      <Filter>base</Filter>
    </ClCompile>
    <ClCompile Include="src\ui\qt\server.cpp">
      <Filter>ui</Filter>
    </ClCompile>
    <ClCompile Include="src\ui\qt\pieceitem.cpp">
      <Filter>ui</Filter>
    </ClCompile>
    <ClCompile Include="src\ui\qt\gamewindow.cpp">
      <Filter>ui</Filter>
    </ClCompile>
    <ClCompile Include="src\ui\qt\gameview.cpp">
      <Filter>ui</Filter>
    </ClCompile>
    <ClCompile Include="src\ui\qt\gamescene.cpp">
      <Filter>ui</Filter>
    </ClCompile>
    <ClCompile Include="src\ui\qt\gamecontroller.cpp">
      <Filter>ui</Filter>
    </ClCompile>
    <ClCompile Include="src\ui\qt\boarditem.cpp">
      <Filter>ui</Filter>
    </ClCompile>
    <ClCompile Include="src\ui\qt\client.cpp">
      <Filter>ui</Filter>
    </ClCompile>
    <ClCompile Include="src\ai\search.cpp">
      <Filter>ai</Filter>
    </ClCompile>
    <ClCompile Include="src\ai\evaluate.cpp">
      <Filter>ai</Filter>
    </ClCompile>
    <ClCompile Include="src\ai\movegen.cpp">
      <Filter>ai</Filter>
    </ClCompile>
    <ClCompile Include="src\game\board.cpp">
      <Filter>game</Filter>
    </ClCompile>
    <ClCompile Include="src\game\rule.cpp">
      <Filter>game</Filter>
    </ClCompile>
    <ClCompile Include="src\ai\tt.cpp">
      <Filter>ai</Filter>
    </ClCompile>
    <ClCompile Include="src\game\position.cpp">
      <Filter>game</Filter>
    </ClCompile>
    <ClCompile Include="src\base\misc.cpp">
      <Filter>base</Filter>
    </ClCompile>
  </ItemGroup>
  <ItemGroup>
    <ResourceCompile Include="millgame.rc">
      <Filter>Project Files</Filter>
    </ResourceCompile>
  </ItemGroup>
  <ItemGroup>
    <Image Include="millgame.ico">
      <Filter>Project Files</Filter>
    </Image>
    <Image Include="resources\icon\ic_account_child_black_48dp.png">
      <Filter>Resource Files</Filter>
    </Image>
    <Image Include="resources\icon\ic_desktop_windows_black_48dp.png">
      <Filter>Resource Files</Filter>
    </Image>
    <Image Include="resources\icon\ic_flag_black_48dp.png">
      <Filter>Resource Files</Filter>
    </Image>
    <Image Include="resources\icon\ic_fullscreen_black_48dp.png">
      <Filter>Resource Files</Filter>
    </Image>
    <Image Include="resources\icon\ic_insert_emoticon_black_48dp.png">
      <Filter>Resource Files</Filter>
    </Image>
    <Image Include="resources\icon\ic_laptop_windows_black_48dp.png">
      <Filter>Resource Files</Filter>
    </Image>
    <Image Include="resources\icon\ic_lens_black_48dp.png">
      <Filter>Resource Files</Filter>
    </Image>
    <Image Include="resources\icon\ic_menu_black_48dp.png">
      <Filter>Resource Files</Filter>
    </Image>
    <Image Include="resources\icon\ic_more_vert_black_48dp.png">
      <Filter>Resource Files</Filter>
    </Image>
    <Image Include="resources\icon\ic_panorama_fisheye_black_48dp.png">
      <Filter>Resource Files</Filter>
    </Image>
    <Image Include="resources\icon\ic_people_outline_black_48dp.png">
      <Filter>Resource Files</Filter>
    </Image>
    <Image Include="resources\icon\ic_radio_button_on_black_48dp.png">
      <Filter>Resource Files</Filter>
    </Image>
    <Image Include="resources\icon\ic_remove_circle_outline_black_48dp.png">
      <Filter>Resource Files</Filter>
    </Image>
    <Image Include="resources\icon\ic_reply_black_48dp.png">
      <Filter>Resource Files</Filter>
    </Image>
    <Image Include="resources\icon\ic_undo_black_48dp.png">
      <Filter>Resource Files</Filter>
    </Image>
    <Image Include="resources\icon\ic_visibility_black_48dp.png">
      <Filter>Resource Files</Filter>
    </Image>
  </ItemGroup>
  <ItemGroup>
    <Media Include="resources\sound\choose.wav">
      <Filter>Resource Files</Filter>
    </Media>
    <Media Include="resources\sound\drog.wav">
      <Filter>Resource Files</Filter>
    </Media>
    <Media Include="resources\sound\forbidden.wav">
      <Filter>Resource Files</Filter>
    </Media>
    <Media Include="resources\sound\loss.wav">
      <Filter>Resource Files</Filter>
    </Media>
    <Media Include="resources\sound\move.wav">
      <Filter>Resource Files</Filter>
    </Media>
    <Media Include="resources\sound\newgame.wav">
      <Filter>Resource Files</Filter>
    </Media>
    <Media Include="resources\sound\remove.wav">
      <Filter>Resource Files</Filter>
    </Media>
    <Media Include="resources\sound\win.wav">
      <Filter>Resource Files</Filter>
    </Media>
    <Media Include="resources\sound\warning.wav">
      <Filter>Resource Files</Filter>
    </Media>
    <Media Include="resources\sound\capture.wav">
      <Filter>Resource Files</Filter>
    </Media>
  </ItemGroup>
  <ItemGroup>
    <QtRcc Include="gamewindow.qrc">
      <Filter>Resource Files</Filter>
    </QtRcc>
  </ItemGroup>
  <ItemGroup>
    <QtUic Include="gamewindow.ui">
      <Filter>Form Files</Filter>
    </QtUic>
  </ItemGroup>
</Project>