<?xml version="1.0" encoding="utf-8"?>
<Project ToolsVersion="4.0" xmlns="http://schemas.microsoft.com/developer/msbuild/2003">
  <ItemGroup>
    <ClCompile Include="stack_test.cpp" />
    <ClCompile Include="..\..\src\bitboard.cpp">
      <Filter>src</Filter>
    </ClCompile>
    <ClCompile Include="..\..\src\endgame.cpp">
      <Filter>src</Filter>
    </ClCompile>
    <ClCompile Include="..\..\src\evaluate.cpp">
      <Filter>src</Filter>
    </ClCompile>
    <ClCompile Include="..\..\src\main.cpp">
      <Filter>src</Filter>
    </ClCompile>
    <ClCompile Include="..\..\src\mills.cpp">
      <Filter>src</Filter>
    </ClCompile>
    <ClCompile Include="..\..\src\misc.cpp">
      <Filter>src</Filter>
    </ClCompile>
    <ClCompile Include="..\..\src\movegen.cpp">
      <Filter>src</Filter>
    </ClCompile>
    <ClCompile Include="..\..\src\movepick.cpp">
      <Filter>src</Filter>
    </ClCompile>
    <ClCompile Include="..\..\src\option.cpp">
      <Filter>src</Filter>
    </ClCompile>
    <ClCompile Include="..\..\src\position.cpp">
      <Filter>src</Filter>
    </ClCompile>
    <ClCompile Include="..\..\src\rule.cpp">
      <Filter>src</Filter>
    </ClCompile>
    <ClCompile Include="..\..\src\search.cpp">
      <Filter>src</Filter>
    </ClCompile>
    <ClCompile Include="..\..\src\thread.cpp">
      <Filter>src</Filter>
    </ClCompile>
    <ClCompile Include="..\..\src\tt.cpp">
      <Filter>src</Filter>
    </ClCompile>
    <ClCompile Include="..\..\src\uci.cpp">
      <Filter>src</Filter>
    </ClCompile>
    <ClCompile Include="..\..\src\ucioption.cpp">
      <Filter>src</Filter>
    </ClCompile>
    <ClCompile Include="types_test.cpp" />
  </ItemGroup>
  <ItemGroup>
    <ClInclude Include="..\..\src\bitboard.h">
      <Filter>src</Filter>
    </ClInclude>
    <ClInclude Include="..\..\src\debug.h">
      <Filter>src</Filter>
    </ClInclude>
    <ClInclude Include="..\..\src\endgame.h">
      <Filter>src</Filter>
    </ClInclude>
    <ClInclude Include="..\..\src\evaluate.h">
      <Filter>src</Filter>
    </ClInclude>
    <ClInclude Include="..\..\src\hashmap.h">
      <Filter>src</Filter>
    </ClInclude>
    <ClInclude Include="..\..\src\hashnode.h">
      <Filter>src</Filter>
    </ClInclude>
    <ClInclude Include="..\..\src\mills.h">
      <Filter>src</Filter>
    </ClInclude>
    <ClInclude Include="..\..\src\misc.h">
      <Filter>src</Filter>
    </ClInclude>
    <ClInclude Include="..\..\src\movegen.h">
      <Filter>src</Filter>
    </ClInclude>
    <ClInclude Include="..\..\src\movepick.h">
      <Filter>src</Filter>
    </ClInclude>
    <ClInclude Include="..\..\src\option.h">
      <Filter>src</Filter>
    </ClInclude>
    <ClInclude Include="..\..\src\position.h">
      <Filter>src</Filter>
    </ClInclude>
    <ClInclude Include="..\..\src\rule.h">
      <Filter>src</Filter>
    </ClInclude>
    <ClInclude Include="..\..\src\search.h">
      <Filter>src</Filter>
    </ClInclude>
    <ClInclude Include="..\..\src\stack.h">
      <Filter>src</Filter>
    </ClInclude>
    <ClInclude Include="..\..\src\stopwatch.h">
      <Filter>src</Filter>
    </ClInclude>
    <ClInclude Include="..\..\src\thread.h">
      <Filter>src</Filter>
    </ClInclude>
    <ClInclude Include="..\..\src\thread_win32_osx.h">
      <Filter>src</Filter>
    </ClInclude>
    <ClInclude Include="..\..\src\tt.h">
      <Filter>src</Filter>
    </ClInclude>
    <ClInclude Include="..\..\src\types.h">
      <Filter>src</Filter>
    </ClInclude>
    <ClInclude Include="..\..\src\uci.h">
      <Filter>src</Filter>
    </ClInclude>
    <ClInclude Include="..\..\include\config.h">
      <Filter>src</Filter>
    </ClInclude>
  </ItemGroup>
  <ItemGroup>
    <Filter Include="src">
      <UniqueIdentifier>{a39da258-14bd-471b-a1bc-d434396da5ad}</UniqueIdentifier>
    </Filter>
  </ItemGroup>
  <ItemGroup>
    <None Include="packages.config" />
  </ItemGroup>
</Project>