// !$*UTF8*$!
{
	archiveVersion = 1;
	classes = {
	};
	objectVersion = 51;
	objects = {

/* Begin PBXBuildFile section */
		00174357296080FA00F72763 /* command_channel.cpp in Sources */ = {isa = PBXBuildFile; fileRef = 0017434D296080FA00F72763 /* command_channel.cpp */; };
		00174358296080FA00F72763 /* command_queue.cpp in Sources */ = {isa = PBXBuildFile; fileRef = 00174350296080FA00F72763 /* command_queue.cpp */; };
		00174359296080FA00F72763 /* engine_main.cpp in Sources */ = {isa = PBXBuildFile; fileRef = 00174352296080FA00F72763 /* engine_main.cpp */; };
		0017435A296080FA00F72763 /* mill_engine.mm in Sources */ = {isa = PBXBuildFile; fileRef = 00174354296080FA00F72763 /* mill_engine.mm */; };
		001743802960813200F72763 /* evaluate.cpp in Sources */ = {isa = PBXBuildFile; fileRef = 0017435B2960813000F72763 /* evaluate.cpp */; };
		001743812960813200F72763 /* ucioption.cpp in Sources */ = {isa = PBXBuildFile; fileRef = 0017435D2960813100F72763 /* ucioption.cpp */; };
		001743822960813200F72763 /* uci.cpp in Sources */ = {isa = PBXBuildFile; fileRef = 001743602960813100F72763 /* uci.cpp */; };
		001743832960813200F72763 /* movegen.cpp in Sources */ = {isa = PBXBuildFile; fileRef = 001743612960813100F72763 /* movegen.cpp */; };
		001743842960813200F72763 /* movepick.cpp in Sources */ = {isa = PBXBuildFile; fileRef = 001743632960813100F72763 /* movepick.cpp */; };
		001743852960813200F72763 /* tt.cpp in Sources */ = {isa = PBXBuildFile; fileRef = 001743652960813100F72763 /* tt.cpp */; };
		001743862960813200F72763 /* mills.cpp in Sources */ = {isa = PBXBuildFile; fileRef = 001743672960813100F72763 /* mills.cpp */; };
		001743872960813200F72763 /* endgame.cpp in Sources */ = {isa = PBXBuildFile; fileRef = 001743682960813100F72763 /* endgame.cpp */; };
		001743882960813200F72763 /* search.cpp in Sources */ = {isa = PBXBuildFile; fileRef = 001743692960813100F72763 /* search.cpp */; };
		001743892960813200F72763 /* position.cpp in Sources */ = {isa = PBXBuildFile; fileRef = 0017436A2960813100F72763 /* position.cpp */; };
		0017438A2960813200F72763 /* bitboard.cpp in Sources */ = {isa = PBXBuildFile; fileRef = 0017436C2960813100F72763 /* bitboard.cpp */; };
		0017438B2960813200F72763 /* misc.cpp in Sources */ = {isa = PBXBuildFile; fileRef = 0017436E2960813100F72763 /* misc.cpp */; };
		0017438C2960813200F72763 /* thread.cpp in Sources */ = {isa = PBXBuildFile; fileRef = 001743712960813100F72763 /* thread.cpp */; };
		0017438D2960813200F72763 /* rule.cpp in Sources */ = {isa = PBXBuildFile; fileRef = 0017437A2960813100F72763 /* rule.cpp */; };
		0017438E2960813200F72763 /* option.cpp in Sources */ = {isa = PBXBuildFile; fileRef = 0017437C2960813200F72763 /* option.cpp */; };
		0017438F2960813200F72763 /* main.cpp in Sources */ = {isa = PBXBuildFile; fileRef = 0017437F2960813200F72763 /* main.cpp */; };
		001743962960957700F72763 /* AppDelegate.m in Sources */ = {isa = PBXBuildFile; fileRef = 001743952960957600F72763 /* AppDelegate.m */; };
		001743982960A3E200F72763 /* main.m in Sources */ = {isa = PBXBuildFile; fileRef = 001743972960A3E200F72763 /* main.m */; };
		1498D2341E8E89220040F4C2 /* GeneratedPluginRegistrant.m in Sources */ = {isa = PBXBuildFile; fileRef = 1498D2331E8E89220040F4C2 /* GeneratedPluginRegistrant.m */; };
		3B3967161E833CAA004F5970 /* AppFrameworkInfo.plist in Resources */ = {isa = PBXBuildFile; fileRef = 3B3967151E833CAA004F5970 /* AppFrameworkInfo.plist */; };
		71AF4B83583EB8F1865B8D8B /* Pods_sanmill.framework in Frameworks */ = {isa = PBXBuildFile; fileRef = 658492D1977B3EB5A6ECDF6A /* Pods_sanmill.framework */; };
		97C146FC1CF9000F007C117D /* Main.storyboard in Resources */ = {isa = PBXBuildFile; fileRef = 97C146FA1CF9000F007C117D /* Main.storyboard */; };
		97C146FE1CF9000F007C117D /* Assets.xcassets in Resources */ = {isa = PBXBuildFile; fileRef = 97C146FD1CF9000F007C117D /* Assets.xcassets */; };
		97C147011CF9000F007C117D /* LaunchScreen.storyboard in Resources */ = {isa = PBXBuildFile; fileRef = 97C146FF1CF9000F007C117D /* LaunchScreen.storyboard */; };
/* End PBXBuildFile section */

/* Begin PBXCopyFilesBuildPhase section */
		9705A1C41CF9048500538489 /* Embed Frameworks */ = {
			isa = PBXCopyFilesBuildPhase;
			buildActionMask = 2147483647;
			dstPath = "";
			dstSubfolderSpec = 10;
			files = (
			);
			name = "Embed Frameworks";
			runOnlyForDeploymentPostprocessing = 0;
		};
/* End PBXCopyFilesBuildPhase section */

/* Begin PBXFileReference section */
		0017434D296080FA00F72763 /* command_channel.cpp */ = {isa = PBXFileReference; fileEncoding = 4; lastKnownFileType = sourcecode.cpp.cpp; name = command_channel.cpp; path = ../../../command/command_channel.cpp; sourceTree = "<group>"; };
		0017434E296080FA00F72763 /* command_channel.h */ = {isa = PBXFileReference; fileEncoding = 4; lastKnownFileType = sourcecode.c.h; name = command_channel.h; path = ../../../command/command_channel.h; sourceTree = "<group>"; };
		0017434F296080FA00F72763 /* engine_state.h */ = {isa = PBXFileReference; fileEncoding = 4; lastKnownFileType = sourcecode.c.h; name = engine_state.h; path = ../../../command/engine_state.h; sourceTree = "<group>"; };
		00174350296080FA00F72763 /* command_queue.cpp */ = {isa = PBXFileReference; fileEncoding = 4; lastKnownFileType = sourcecode.cpp.cpp; name = command_queue.cpp; path = ../../../command/command_queue.cpp; sourceTree = "<group>"; };
		00174351296080FA00F72763 /* command_queue.h */ = {isa = PBXFileReference; fileEncoding = 4; lastKnownFileType = sourcecode.c.h; name = command_queue.h; path = ../../../command/command_queue.h; sourceTree = "<group>"; };
		00174352296080FA00F72763 /* engine_main.cpp */ = {isa = PBXFileReference; fileEncoding = 4; lastKnownFileType = sourcecode.cpp.cpp; name = engine_main.cpp; path = ../../../command/engine_main.cpp; sourceTree = "<group>"; };
		00174353296080FA00F72763 /* engine_main.h */ = {isa = PBXFileReference; fileEncoding = 4; lastKnownFileType = sourcecode.c.h; name = engine_main.h; path = ../../../command/engine_main.h; sourceTree = "<group>"; };
		00174354296080FA00F72763 /* mill_engine.mm */ = {isa = PBXFileReference; fileEncoding = 4; lastKnownFileType = sourcecode.cpp.objcpp; name = mill_engine.mm; path = ../../../command/mill_engine.mm; sourceTree = "<group>"; };
		00174356296080FA00F72763 /* base.h */ = {isa = PBXFileReference; fileEncoding = 4; lastKnownFileType = sourcecode.c.h; name = base.h; path = ../../../command/base.h; sourceTree = "<group>"; };
		0017435B2960813000F72763 /* evaluate.cpp */ = {isa = PBXFileReference; fileEncoding = 4; lastKnownFileType = sourcecode.cpp.cpp; name = evaluate.cpp; path = ../../../../../evaluate.cpp; sourceTree = "<group>"; };
		0017435C2960813000F72763 /* search.h */ = {isa = PBXFileReference; fileEncoding = 4; lastKnownFileType = sourcecode.c.h; name = search.h; path = ../../../../../search.h; sourceTree = "<group>"; };
		0017435D2960813100F72763 /* ucioption.cpp */ = {isa = PBXFileReference; fileEncoding = 4; lastKnownFileType = sourcecode.cpp.cpp; name = ucioption.cpp; path = ../../../../../ucioption.cpp; sourceTree = "<group>"; };
		0017435E2960813100F72763 /* movepick.h */ = {isa = PBXFileReference; fileEncoding = 4; lastKnownFileType = sourcecode.c.h; name = movepick.h; path = ../../../../../movepick.h; sourceTree = "<group>"; };
		0017435F2960813100F72763 /* hashnode.h */ = {isa = PBXFileReference; fileEncoding = 4; lastKnownFileType = sourcecode.c.h; name = hashnode.h; path = ../../../../../hashnode.h; sourceTree = "<group>"; };
		001743602960813100F72763 /* uci.cpp */ = {isa = PBXFileReference; fileEncoding = 4; lastKnownFileType = sourcecode.cpp.cpp; name = uci.cpp; path = ../../../../../uci.cpp; sourceTree = "<group>"; };
		001743612960813100F72763 /* movegen.cpp */ = {isa = PBXFileReference; fileEncoding = 4; lastKnownFileType = sourcecode.cpp.cpp; name = movegen.cpp; path = ../../../../../movegen.cpp; sourceTree = "<group>"; };
		001743622960813100F72763 /* types.h */ = {isa = PBXFileReference; fileEncoding = 4; lastKnownFileType = sourcecode.c.h; name = types.h; path = ../../../../../types.h; sourceTree = "<group>"; };
		001743632960813100F72763 /* movepick.cpp */ = {isa = PBXFileReference; fileEncoding = 4; lastKnownFileType = sourcecode.cpp.cpp; name = movepick.cpp; path = ../../../../../movepick.cpp; sourceTree = "<group>"; };
		001743642960813100F72763 /* position.h */ = {isa = PBXFileReference; fileEncoding = 4; lastKnownFileType = sourcecode.c.h; name = position.h; path = ../../../../../position.h; sourceTree = "<group>"; };
		001743652960813100F72763 /* tt.cpp */ = {isa = PBXFileReference; fileEncoding = 4; lastKnownFileType = sourcecode.cpp.cpp; name = tt.cpp; path = ../../../../../tt.cpp; sourceTree = "<group>"; };
		001743662960813100F72763 /* bitboard.h */ = {isa = PBXFileReference; fileEncoding = 4; lastKnownFileType = sourcecode.c.h; name = bitboard.h; path = ../../../../../bitboard.h; sourceTree = "<group>"; };
		001743672960813100F72763 /* mills.cpp */ = {isa = PBXFileReference; fileEncoding = 4; lastKnownFileType = sourcecode.cpp.cpp; name = mills.cpp; path = ../../../../../mills.cpp; sourceTree = "<group>"; };
		001743682960813100F72763 /* endgame.cpp */ = {isa = PBXFileReference; fileEncoding = 4; lastKnownFileType = sourcecode.cpp.cpp; name = endgame.cpp; path = ../../../../../endgame.cpp; sourceTree = "<group>"; };
		001743692960813100F72763 /* search.cpp */ = {isa = PBXFileReference; fileEncoding = 4; lastKnownFileType = sourcecode.cpp.cpp; name = search.cpp; path = ../../../../../search.cpp; sourceTree = "<group>"; };
		0017436A2960813100F72763 /* position.cpp */ = {isa = PBXFileReference; fileEncoding = 4; lastKnownFileType = sourcecode.cpp.cpp; name = position.cpp; path = ../../../../../position.cpp; sourceTree = "<group>"; };
		0017436B2960813100F72763 /* thread_win32_osx.h */ = {isa = PBXFileReference; fileEncoding = 4; lastKnownFileType = sourcecode.c.h; name = thread_win32_osx.h; path = ../../../../../thread_win32_osx.h; sourceTree = "<group>"; };
		0017436C2960813100F72763 /* bitboard.cpp */ = {isa = PBXFileReference; fileEncoding = 4; lastKnownFileType = sourcecode.cpp.cpp; name = bitboard.cpp; path = ../../../../../bitboard.cpp; sourceTree = "<group>"; };
		0017436D2960813100F72763 /* rule.h */ = {isa = PBXFileReference; fileEncoding = 4; lastKnownFileType = sourcecode.c.h; name = rule.h; path = ../../../../../rule.h; sourceTree = "<group>"; };
		0017436E2960813100F72763 /* misc.cpp */ = {isa = PBXFileReference; fileEncoding = 4; lastKnownFileType = sourcecode.cpp.cpp; name = misc.cpp; path = ../../../../../misc.cpp; sourceTree = "<group>"; };
		0017436F2960813100F72763 /* debug.h */ = {isa = PBXFileReference; fileEncoding = 4; lastKnownFileType = sourcecode.c.h; name = debug.h; path = ../../../../../debug.h; sourceTree = "<group>"; };
		001743702960813100F72763 /* stopwatch.h */ = {isa = PBXFileReference; fileEncoding = 4; lastKnownFileType = sourcecode.c.h; name = stopwatch.h; path = ../../../../../stopwatch.h; sourceTree = "<group>"; };
		001743712960813100F72763 /* thread.cpp */ = {isa = PBXFileReference; fileEncoding = 4; lastKnownFileType = sourcecode.cpp.cpp; name = thread.cpp; path = ../../../../../thread.cpp; sourceTree = "<group>"; };
		001743722960813100F72763 /* mills.h */ = {isa = PBXFileReference; fileEncoding = 4; lastKnownFileType = sourcecode.c.h; name = mills.h; path = ../../../../../mills.h; sourceTree = "<group>"; };
		001743732960813100F72763 /* thread.h */ = {isa = PBXFileReference; fileEncoding = 4; lastKnownFileType = sourcecode.c.h; name = thread.h; path = ../../../../../thread.h; sourceTree = "<group>"; };
		001743742960813100F72763 /* uci.h */ = {isa = PBXFileReference; fileEncoding = 4; lastKnownFileType = sourcecode.c.h; name = uci.h; path = ../../../../../uci.h; sourceTree = "<group>"; };
		001743752960813100F72763 /* evaluate.h */ = {isa = PBXFileReference; fileEncoding = 4; lastKnownFileType = sourcecode.c.h; name = evaluate.h; path = ../../../../../evaluate.h; sourceTree = "<group>"; };
		001743762960813100F72763 /* stack.h */ = {isa = PBXFileReference; fileEncoding = 4; lastKnownFileType = sourcecode.c.h; name = stack.h; path = ../../../../../stack.h; sourceTree = "<group>"; };
		001743772960813100F72763 /* movegen.h */ = {isa = PBXFileReference; fileEncoding = 4; lastKnownFileType = sourcecode.c.h; name = movegen.h; path = ../../../../../movegen.h; sourceTree = "<group>"; };
		001743782960813100F72763 /* hashmap.h */ = {isa = PBXFileReference; fileEncoding = 4; lastKnownFileType = sourcecode.c.h; name = hashmap.h; path = ../../../../../hashmap.h; sourceTree = "<group>"; };
		001743792960813100F72763 /* endgame.h */ = {isa = PBXFileReference; fileEncoding = 4; lastKnownFileType = sourcecode.c.h; name = endgame.h; path = ../../../../../endgame.h; sourceTree = "<group>"; };
		0017437A2960813100F72763 /* rule.cpp */ = {isa = PBXFileReference; fileEncoding = 4; lastKnownFileType = sourcecode.cpp.cpp; name = rule.cpp; path = ../../../../../rule.cpp; sourceTree = "<group>"; };
		0017437B2960813200F72763 /* misc.h */ = {isa = PBXFileReference; fileEncoding = 4; lastKnownFileType = sourcecode.c.h; name = misc.h; path = ../../../../../misc.h; sourceTree = "<group>"; };
		0017437C2960813200F72763 /* option.cpp */ = {isa = PBXFileReference; fileEncoding = 4; lastKnownFileType = sourcecode.cpp.cpp; name = option.cpp; path = ../../../../../option.cpp; sourceTree = "<group>"; };
		0017437D2960813200F72763 /* option.h */ = {isa = PBXFileReference; fileEncoding = 4; lastKnownFileType = sourcecode.c.h; name = option.h; path = ../../../../../option.h; sourceTree = "<group>"; };
		0017437E2960813200F72763 /* tt.h */ = {isa = PBXFileReference; fileEncoding = 4; lastKnownFileType = sourcecode.c.h; name = tt.h; path = ../../../../../tt.h; sourceTree = "<group>"; };
		0017437F2960813200F72763 /* main.cpp */ = {isa = PBXFileReference; fileEncoding = 4; lastKnownFileType = sourcecode.cpp.cpp; name = main.cpp; path = ../../../../../main.cpp; sourceTree = "<group>"; };
		001743922960818200F72763 /* config.h */ = {isa = PBXFileReference; fileEncoding = 4; lastKnownFileType = sourcecode.c.h; name = config.h; path = ../../../../../../include/config.h; sourceTree = "<group>"; };
		001743932960818200F72763 /* version.h */ = {isa = PBXFileReference; fileEncoding = 4; lastKnownFileType = sourcecode.c.h; name = version.h; path = ../../../../../../include/version.h; sourceTree = "<group>"; };
		001743942960957600F72763 /* AppDelegate.h */ = {isa = PBXFileReference; fileEncoding = 4; lastKnownFileType = sourcecode.c.h; path = AppDelegate.h; sourceTree = "<group>"; };
		001743952960957600F72763 /* AppDelegate.m */ = {isa = PBXFileReference; fileEncoding = 4; lastKnownFileType = sourcecode.c.objc; path = AppDelegate.m; sourceTree = "<group>"; };
		001743972960A3E200F72763 /* main.m */ = {isa = PBXFileReference; fileEncoding = 4; lastKnownFileType = sourcecode.c.objc; path = main.m; sourceTree = "<group>"; };
		00E13E2A296142BE006A659E /* mill_engine_ios.h */ = {isa = PBXFileReference; fileEncoding = 4; lastKnownFileType = sourcecode.c.h; name = mill_engine_ios.h; path = ../../../command/mill_engine_ios.h; sourceTree = "<group>"; };
		06CC02F2A95D9D6686BA4A23 /* Pods-sanmill.debug.xcconfig */ = {isa = PBXFileReference; includeInIndex = 1; lastKnownFileType = text.xcconfig; name = "Pods-sanmill.debug.xcconfig"; path = "Target Support Files/Pods-sanmill/Pods-sanmill.debug.xcconfig"; sourceTree = "<group>"; };
		1498D2321E8E86230040F4C2 /* GeneratedPluginRegistrant.h */ = {isa = PBXFileReference; lastKnownFileType = sourcecode.c.h; path = GeneratedPluginRegistrant.h; sourceTree = "<group>"; };
		1498D2331E8E89220040F4C2 /* GeneratedPluginRegistrant.m */ = {isa = PBXFileReference; fileEncoding = 4; lastKnownFileType = sourcecode.c.objc; path = GeneratedPluginRegistrant.m; sourceTree = "<group>"; };
		3B3967151E833CAA004F5970 /* AppFrameworkInfo.plist */ = {isa = PBXFileReference; fileEncoding = 4; lastKnownFileType = text.plist.xml; name = AppFrameworkInfo.plist; path = Flutter/AppFrameworkInfo.plist; sourceTree = "<group>"; };
		658492D1977B3EB5A6ECDF6A /* Pods_sanmill.framework */ = {isa = PBXFileReference; explicitFileType = wrapper.framework; includeInIndex = 0; path = Pods_sanmill.framework; sourceTree = BUILT_PRODUCTS_DIR; };
		7888BB061226FC8151699A21 /* Pods-sanmill.release.xcconfig */ = {isa = PBXFileReference; includeInIndex = 1; lastKnownFileType = text.xcconfig; name = "Pods-sanmill.release.xcconfig"; path = "Target Support Files/Pods-sanmill/Pods-sanmill.release.xcconfig"; sourceTree = "<group>"; };
		7AFA3C8E1D35360C0083082E /* Release.xcconfig */ = {isa = PBXFileReference; lastKnownFileType = text.xcconfig; name = Release.xcconfig; path = Flutter/Release.xcconfig; sourceTree = "<group>"; };
		9740EEB21CF90195004384FC /* Debug.xcconfig */ = {isa = PBXFileReference; fileEncoding = 4; lastKnownFileType = text.xcconfig; name = Debug.xcconfig; path = Flutter/Debug.xcconfig; sourceTree = "<group>"; };
		9740EEB31CF90195004384FC /* Generated.xcconfig */ = {isa = PBXFileReference; fileEncoding = 4; lastKnownFileType = text.xcconfig; name = Generated.xcconfig; path = Flutter/Generated.xcconfig; sourceTree = "<group>"; };
		97C146EE1CF9000F007C117D /* sanmill.app */ = {isa = PBXFileReference; explicitFileType = wrapper.application; includeInIndex = 0; path = sanmill.app; sourceTree = BUILT_PRODUCTS_DIR; };
		97C146FB1CF9000F007C117D /* Base */ = {isa = PBXFileReference; lastKnownFileType = file.storyboard; name = Base; path = Base.lproj/Main.storyboard; sourceTree = "<group>"; };
		97C146FD1CF9000F007C117D /* Assets.xcassets */ = {isa = PBXFileReference; lastKnownFileType = folder.assetcatalog; path = Assets.xcassets; sourceTree = "<group>"; };
		97C147001CF9000F007C117D /* Base */ = {isa = PBXFileReference; lastKnownFileType = file.storyboard; name = Base; path = Base.lproj/LaunchScreen.storyboard; sourceTree = "<group>"; };
		97C147021CF9000F007C117D /* Info.plist */ = {isa = PBXFileReference; lastKnownFileType = text.plist.xml; path = Info.plist; sourceTree = "<group>"; };
		E9CE6251D4ABC2AE2018937E /* Pods-sanmill.profile.xcconfig */ = {isa = PBXFileReference; includeInIndex = 1; lastKnownFileType = text.xcconfig; name = "Pods-sanmill.profile.xcconfig"; path = "Target Support Files/Pods-sanmill/Pods-sanmill.profile.xcconfig"; sourceTree = "<group>"; };
/* End PBXFileReference section */

/* Begin PBXFrameworksBuildPhase section */
		97C146EB1CF9000F007C117D /* Frameworks */ = {
			isa = PBXFrameworksBuildPhase;
			buildActionMask = 2147483647;
			files = (
				71AF4B83583EB8F1865B8D8B /* Pods_sanmill.framework in Frameworks */,
			);
			runOnlyForDeploymentPostprocessing = 0;
		};
/* End PBXFrameworksBuildPhase section */

/* Begin PBXGroup section */
		0017434C296080BD00F72763 /* engine */ = {
			isa = PBXGroup;
			children = (
				001743922960818200F72763 /* config.h */,
				001743932960818200F72763 /* version.h */,
				0017436C2960813100F72763 /* bitboard.cpp */,
				001743662960813100F72763 /* bitboard.h */,
				0017436F2960813100F72763 /* debug.h */,
				001743682960813100F72763 /* endgame.cpp */,
				001743792960813100F72763 /* endgame.h */,
				0017435B2960813000F72763 /* evaluate.cpp */,
				001743752960813100F72763 /* evaluate.h */,
				001743782960813100F72763 /* hashmap.h */,
				0017435F2960813100F72763 /* hashnode.h */,
				0017437F2960813200F72763 /* main.cpp */,
				001743672960813100F72763 /* mills.cpp */,
				001743722960813100F72763 /* mills.h */,
				0017436E2960813100F72763 /* misc.cpp */,
				0017437B2960813200F72763 /* misc.h */,
				001743612960813100F72763 /* movegen.cpp */,
				001743772960813100F72763 /* movegen.h */,
				001743632960813100F72763 /* movepick.cpp */,
				0017435E2960813100F72763 /* movepick.h */,
				0017437C2960813200F72763 /* option.cpp */,
				0017437D2960813200F72763 /* option.h */,
				0017436A2960813100F72763 /* position.cpp */,
				001743642960813100F72763 /* position.h */,
				0017437A2960813100F72763 /* rule.cpp */,
				0017436D2960813100F72763 /* rule.h */,
				001743692960813100F72763 /* search.cpp */,
				0017435C2960813000F72763 /* search.h */,
				001743762960813100F72763 /* stack.h */,
				001743702960813100F72763 /* stopwatch.h */,
				0017436B2960813100F72763 /* thread_win32_osx.h */,
				001743712960813100F72763 /* thread.cpp */,
				001743732960813100F72763 /* thread.h */,
				001743652960813100F72763 /* tt.cpp */,
				0017437E2960813200F72763 /* tt.h */,
				001743622960813100F72763 /* types.h */,
				001743602960813100F72763 /* uci.cpp */,
				001743742960813100F72763 /* uci.h */,
				0017435D2960813100F72763 /* ucioption.cpp */,
				00174356296080FA00F72763 /* base.h */,
				0017434D296080FA00F72763 /* command_channel.cpp */,
				0017434E296080FA00F72763 /* command_channel.h */,
				00174350296080FA00F72763 /* command_queue.cpp */,
				00174351296080FA00F72763 /* command_queue.h */,
				00174352296080FA00F72763 /* engine_main.cpp */,
				00174353296080FA00F72763 /* engine_main.h */,
				0017434F296080FA00F72763 /* engine_state.h */,
				00E13E2A296142BE006A659E /* mill_engine_ios.h */,
				00174354296080FA00F72763 /* mill_engine.mm */,
			);
			path = engine;
			sourceTree = "<group>";
		};
		3CEB1F149555DFC5572DC6D9 /* Frameworks */ = {
			isa = PBXGroup;
			children = (
				658492D1977B3EB5A6ECDF6A /* Pods_sanmill.framework */,
			);
			name = Frameworks;
			sourceTree = "<group>";
		};
		9740EEB11CF90186004384FC /* Flutter */ = {
			isa = PBXGroup;
			children = (
				3B3967151E833CAA004F5970 /* AppFrameworkInfo.plist */,
				9740EEB21CF90195004384FC /* Debug.xcconfig */,
				7AFA3C8E1D35360C0083082E /* Release.xcconfig */,
				9740EEB31CF90195004384FC /* Generated.xcconfig */,
			);
			name = Flutter;
			sourceTree = "<group>";
		};
		97C146E51CF9000F007C117D = {
			isa = PBXGroup;
			children = (
				9740EEB11CF90186004384FC /* Flutter */,
				97C146F01CF9000F007C117D /* Runner */,
				97C146EF1CF9000F007C117D /* Products */,
				C9D2742E3F3938C8C128AFC3 /* Pods */,
				3CEB1F149555DFC5572DC6D9 /* Frameworks */,
			);
			sourceTree = "<group>";
		};
		97C146EF1CF9000F007C117D /* Products */ = {
			isa = PBXGroup;
			children = (
				97C146EE1CF9000F007C117D /* sanmill.app */,
			);
			name = Products;
			sourceTree = "<group>";
		};
		97C146F01CF9000F007C117D /* Runner */ = {
			isa = PBXGroup;
			children = (
				001743972960A3E200F72763 /* main.m */,
				001743942960957600F72763 /* AppDelegate.h */,
				001743952960957600F72763 /* AppDelegate.m */,
				0017434C296080BD00F72763 /* engine */,
				97C146FA1CF9000F007C117D /* Main.storyboard */,
				97C146FD1CF9000F007C117D /* Assets.xcassets */,
				97C146FF1CF9000F007C117D /* LaunchScreen.storyboard */,
				97C147021CF9000F007C117D /* Info.plist */,
				1498D2321E8E86230040F4C2 /* GeneratedPluginRegistrant.h */,
				1498D2331E8E89220040F4C2 /* GeneratedPluginRegistrant.m */,
			);
			path = Runner;
			sourceTree = "<group>";
		};
		C9D2742E3F3938C8C128AFC3 /* Pods */ = {
			isa = PBXGroup;
			children = (
				06CC02F2A95D9D6686BA4A23 /* Pods-sanmill.debug.xcconfig */,
				7888BB061226FC8151699A21 /* Pods-sanmill.release.xcconfig */,
				E9CE6251D4ABC2AE2018937E /* Pods-sanmill.profile.xcconfig */,
			);
			path = Pods;
			sourceTree = "<group>";
		};
/* End PBXGroup section */

/* Begin PBXNativeTarget section */
		97C146ED1CF9000F007C117D /* sanmill */ = {
			isa = PBXNativeTarget;
			buildConfigurationList = 97C147051CF9000F007C117D /* Build configuration list for PBXNativeTarget "sanmill" */;
			buildPhases = (
				B33E891FD29A2213E5FD1D15 /* [CP] Check Pods Manifest.lock */,
				9740EEB61CF901F6004384FC /* Run Script */,
				97C146EA1CF9000F007C117D /* Sources */,
				97C146EB1CF9000F007C117D /* Frameworks */,
				97C146EC1CF9000F007C117D /* Resources */,
				9705A1C41CF9048500538489 /* Embed Frameworks */,
				3B06AD1E1E4923F5004D2608 /* Thin Binary */,
				DF0E751FACB4070B481F3229 /* [CP] Embed Pods Frameworks */,
			);
			buildRules = (
			);
			dependencies = (
			);
			name = sanmill;
			productName = sanmill;
			productReference = 97C146EE1CF9000F007C117D /* sanmill.app */;
			productType = "com.apple.product-type.application";
		};
/* End PBXNativeTarget section */

/* Begin PBXProject section */
		97C146E61CF9000F007C117D /* Project object */ = {
			isa = PBXProject;
			attributes = {
				LastUpgradeCheck = 1300;
				ORGANIZATIONNAME = "";
				TargetAttributes = {
					97C146ED1CF9000F007C117D = {
						CreatedOnToolsVersion = 7.3.1;
						LastSwiftMigration = 1100;
					};
				};
			};
			buildConfigurationList = 97C146E91CF9000F007C117D /* Build configuration list for PBXProject "sanmill" */;
			compatibilityVersion = "Xcode 9.3";
			developmentRegion = en;
			hasScannedForEncodings = 0;
			knownRegions = (
				en,
				Base,
			);
			mainGroup = 97C146E51CF9000F007C117D;
			productRefGroup = 97C146EF1CF9000F007C117D /* Products */;
			projectDirPath = "";
			projectRoot = "";
			targets = (
				97C146ED1CF9000F007C117D /* sanmill */,
			);
		};
/* End PBXProject section */

/* Begin PBXResourcesBuildPhase section */
		97C146EC1CF9000F007C117D /* Resources */ = {
			isa = PBXResourcesBuildPhase;
			buildActionMask = 2147483647;
			files = (
				97C147011CF9000F007C117D /* LaunchScreen.storyboard in Resources */,
				3B3967161E833CAA004F5970 /* AppFrameworkInfo.plist in Resources */,
				97C146FE1CF9000F007C117D /* Assets.xcassets in Resources */,
				97C146FC1CF9000F007C117D /* Main.storyboard in Resources */,
			);
			runOnlyForDeploymentPostprocessing = 0;
		};
/* End PBXResourcesBuildPhase section */

/* Begin PBXShellScriptBuildPhase section */
		3B06AD1E1E4923F5004D2608 /* Thin Binary */ = {
			isa = PBXShellScriptBuildPhase;
			buildActionMask = 2147483647;
			files = (
			);
			inputPaths = (
			);
			name = "Thin Binary";
			outputPaths = (
			);
			runOnlyForDeploymentPostprocessing = 0;
			shellPath = /bin/sh;
			shellScript = "/bin/sh \"$FLUTTER_ROOT/packages/flutter_tools/bin/xcode_backend.sh\" embed_and_thin";
		};
		9740EEB61CF901F6004384FC /* Run Script */ = {
			isa = PBXShellScriptBuildPhase;
			buildActionMask = 2147483647;
			files = (
			);
			inputPaths = (
			);
			name = "Run Script";
			outputPaths = (
			);
			runOnlyForDeploymentPostprocessing = 0;
			shellPath = /bin/sh;
			shellScript = "/bin/sh \"$FLUTTER_ROOT/packages/flutter_tools/bin/xcode_backend.sh\" build";
		};
		B33E891FD29A2213E5FD1D15 /* [CP] Check Pods Manifest.lock */ = {
			isa = PBXShellScriptBuildPhase;
			buildActionMask = 2147483647;
			files = (
			);
			inputFileListPaths = (
			);
			inputPaths = (
				"${PODS_PODFILE_DIR_PATH}/Podfile.lock",
				"${PODS_ROOT}/Manifest.lock",
			);
			name = "[CP] Check Pods Manifest.lock";
			outputFileListPaths = (
			);
			outputPaths = (
				"$(DERIVED_FILE_DIR)/Pods-sanmill-checkManifestLockResult.txt",
			);
			runOnlyForDeploymentPostprocessing = 0;
			shellPath = /bin/sh;
			shellScript = "diff \"${PODS_PODFILE_DIR_PATH}/Podfile.lock\" \"${PODS_ROOT}/Manifest.lock\" > /dev/null\nif [ $? != 0 ] ; then\n    # print error to STDERR\n    echo \"error: The sandbox is not in sync with the Podfile.lock. Run 'pod install' or update your CocoaPods installation.\" >&2\n    exit 1\nfi\n# This output is used by Xcode 'outputs' to avoid re-running this script phase.\necho \"SUCCESS\" > \"${SCRIPT_OUTPUT_FILE_0}\"\n";
			showEnvVarsInLog = 0;
		};
		DF0E751FACB4070B481F3229 /* [CP] Embed Pods Frameworks */ = {
			isa = PBXShellScriptBuildPhase;
			buildActionMask = 2147483647;
			files = (
			);
			inputFileListPaths = (
				"${PODS_ROOT}/Target Support Files/Pods-sanmill/Pods-sanmill-frameworks-${CONFIGURATION}-input-files.xcfilelist",
			);
			name = "[CP] Embed Pods Frameworks";
			outputFileListPaths = (
				"${PODS_ROOT}/Target Support Files/Pods-sanmill/Pods-sanmill-frameworks-${CONFIGURATION}-output-files.xcfilelist",
			);
			runOnlyForDeploymentPostprocessing = 0;
			shellPath = /bin/sh;
			shellScript = "\"${PODS_ROOT}/Target Support Files/Pods-sanmill/Pods-sanmill-frameworks.sh\"\n";
			showEnvVarsInLog = 0;
		};
/* End PBXShellScriptBuildPhase section */

/* Begin PBXSourcesBuildPhase section */
		97C146EA1CF9000F007C117D /* Sources */ = {
			isa = PBXSourcesBuildPhase;
			buildActionMask = 2147483647;
			files = (
				001743962960957700F72763 /* AppDelegate.m in Sources */,
				001743812960813200F72763 /* ucioption.cpp in Sources */,
				001743872960813200F72763 /* endgame.cpp in Sources */,
				001743892960813200F72763 /* position.cpp in Sources */,
				00174359296080FA00F72763 /* engine_main.cpp in Sources */,
				0017438F2960813200F72763 /* main.cpp in Sources */,
				001743802960813200F72763 /* evaluate.cpp in Sources */,
				001743832960813200F72763 /* movegen.cpp in Sources */,
				00174357296080FA00F72763 /* command_channel.cpp in Sources */,
				00174358296080FA00F72763 /* command_queue.cpp in Sources */,
				001743982960A3E200F72763 /* main.m in Sources */,
				001743852960813200F72763 /* tt.cpp in Sources */,
				001743862960813200F72763 /* mills.cpp in Sources */,
				0017438B2960813200F72763 /* misc.cpp in Sources */,
				0017438A2960813200F72763 /* bitboard.cpp in Sources */,
				0017438D2960813200F72763 /* rule.cpp in Sources */,
				001743882960813200F72763 /* search.cpp in Sources */,
				001743822960813200F72763 /* uci.cpp in Sources */,
				001743842960813200F72763 /* movepick.cpp in Sources */,
				0017438E2960813200F72763 /* option.cpp in Sources */,
				0017438C2960813200F72763 /* thread.cpp in Sources */,
				1498D2341E8E89220040F4C2 /* GeneratedPluginRegistrant.m in Sources */,
				0017435A296080FA00F72763 /* mill_engine.mm in Sources */,
			);
			runOnlyForDeploymentPostprocessing = 0;
		};
/* End PBXSourcesBuildPhase section */

/* Begin PBXVariantGroup section */
		97C146FA1CF9000F007C117D /* Main.storyboard */ = {
			isa = PBXVariantGroup;
			children = (
				97C146FB1CF9000F007C117D /* Base */,
			);
			name = Main.storyboard;
			sourceTree = "<group>";
		};
		97C146FF1CF9000F007C117D /* LaunchScreen.storyboard */ = {
			isa = PBXVariantGroup;
			children = (
				97C147001CF9000F007C117D /* Base */,
			);
			name = LaunchScreen.storyboard;
			sourceTree = "<group>";
		};
/* End PBXVariantGroup section */

/* Begin XCBuildConfiguration section */
		249021D3217E4FDB00AE95B9 /* Profile */ = {
			isa = XCBuildConfiguration;
			baseConfigurationReference = 9740EEB31CF90195004384FC /* Generated.xcconfig */;
			buildSettings = {
				ALWAYS_SEARCH_USER_PATHS = NO;
				CLANG_ANALYZER_NONNULL = YES;
				CLANG_CXX_LANGUAGE_STANDARD = "c++17";
				CLANG_CXX_LIBRARY = "libc++";
				CLANG_ENABLE_MODULES = YES;
				CLANG_ENABLE_OBJC_ARC = YES;
				CLANG_WARN_BLOCK_CAPTURE_AUTORELEASING = YES;
				CLANG_WARN_BOOL_CONVERSION = YES;
				CLANG_WARN_COMMA = YES;
				CLANG_WARN_CONSTANT_CONVERSION = YES;
				CLANG_WARN_DEPRECATED_OBJC_IMPLEMENTATIONS = YES;
				CLANG_WARN_DIRECT_OBJC_ISA_USAGE = YES_ERROR;
				CLANG_WARN_EMPTY_BODY = YES;
				CLANG_WARN_ENUM_CONVERSION = YES;
				CLANG_WARN_INFINITE_RECURSION = YES;
				CLANG_WARN_INT_CONVERSION = YES;
				CLANG_WARN_NON_LITERAL_NULL_CONVERSION = YES;
				CLANG_WARN_OBJC_IMPLICIT_RETAIN_SELF = YES;
				CLANG_WARN_OBJC_LITERAL_CONVERSION = YES;
				CLANG_WARN_OBJC_ROOT_CLASS = YES_ERROR;
				CLANG_WARN_QUOTED_INCLUDE_IN_FRAMEWORK_HEADER = YES;
				CLANG_WARN_RANGE_LOOP_ANALYSIS = YES;
				CLANG_WARN_STRICT_PROTOTYPES = YES;
				CLANG_WARN_SUSPICIOUS_MOVE = YES;
				CLANG_WARN_UNREACHABLE_CODE = YES;
				CLANG_WARN__DUPLICATE_METHOD_MATCH = YES;
				"CODE_SIGN_IDENTITY[sdk=iphoneos*]" = "iPhone Developer";
				COPY_PHASE_STRIP = NO;
				DEBUG_INFORMATION_FORMAT = "dwarf-with-dsym";
				ENABLE_NS_ASSERTIONS = NO;
				ENABLE_STRICT_OBJC_MSGSEND = YES;
				GCC_C_LANGUAGE_STANDARD = gnu99;
				GCC_NO_COMMON_BLOCKS = YES;
				GCC_WARN_64_TO_32_BIT_CONVERSION = YES;
				GCC_WARN_ABOUT_RETURN_TYPE = YES_ERROR;
				GCC_WARN_UNDECLARED_SELECTOR = YES;
				GCC_WARN_UNINITIALIZED_AUTOS = YES_AGGRESSIVE;
				GCC_WARN_UNUSED_FUNCTION = YES;
				GCC_WARN_UNUSED_VARIABLE = YES;
				IPHONEOS_DEPLOYMENT_TARGET = 12.0;
				MTL_ENABLE_DEBUG_INFO = NO;
				SDKROOT = iphoneos;
				SUPPORTED_PLATFORMS = iphoneos;
				TARGETED_DEVICE_FAMILY = "1,2";
				VALIDATE_PRODUCT = YES;
			};
			name = Profile;
		};
		249021D4217E4FDB00AE95B9 /* Profile */ = {
			isa = XCBuildConfiguration;
			baseConfigurationReference = E9CE6251D4ABC2AE2018937E /* Pods-sanmill.profile.xcconfig */;
			buildSettings = {
				ASSETCATALOG_COMPILER_APPICON_NAME = AppIcon;
				CLANG_CXX_LANGUAGE_STANDARD = "c++17";
				CLANG_ENABLE_MODULES = YES;
				CURRENT_PROJECT_VERSION = "$(FLUTTER_BUILD_NUMBER)";
				DEVELOPMENT_TEAM = A7CJ43TU48;
				ENABLE_BITCODE = NO;
				GCC_PREPROCESSOR_DEFINITIONS = (
					"$(inherited)",
					"COCOAPODS=1",
					FLUTTER_UI,
				);
				INFOPLIST_FILE = Runner/Info.plist;
				INFOPLIST_KEY_CFBundleDisplayName = Mill;
				INFOPLIST_KEY_LSApplicationCategoryType = "public.app-category.board-games";
				LD_RUNPATH_SEARCH_PATHS = (
					"$(inherited)",
					"@executable_path/Frameworks",
				);
				MACH_O_TYPE = mh_execute;
				MARKETING_VERSION = 3.0.0;
				PRODUCT_BUNDLE_IDENTIFIER = com.calcitem.sanmill;
				PRODUCT_NAME = "$(TARGET_NAME)";
				SWIFT_OBJC_BRIDGING_HEADER = "";
				SWIFT_VERSION = 5.0;
				VERSIONING_SYSTEM = "apple-generic";
			};
			name = Profile;
		};
		97C147031CF9000F007C117D /* Debug */ = {
			isa = XCBuildConfiguration;
			baseConfigurationReference = 9740EEB31CF90195004384FC /* Generated.xcconfig */;
			buildSettings = {
				ALWAYS_SEARCH_USER_PATHS = NO;
				CLANG_ANALYZER_NONNULL = YES;
				CLANG_CXX_LANGUAGE_STANDARD = "c++17";
				CLANG_CXX_LIBRARY = "libc++";
				CLANG_ENABLE_MODULES = YES;
				CLANG_ENABLE_OBJC_ARC = YES;
				CLANG_WARN_BLOCK_CAPTURE_AUTORELEASING = YES;
				CLANG_WARN_BOOL_CONVERSION = YES;
				CLANG_WARN_COMMA = YES;
				CLANG_WARN_CONSTANT_CONVERSION = YES;
				CLANG_WARN_DEPRECATED_OBJC_IMPLEMENTATIONS = YES;
				CLANG_WARN_DIRECT_OBJC_ISA_USAGE = YES_ERROR;
				CLANG_WARN_EMPTY_BODY = YES;
				CLANG_WARN_ENUM_CONVERSION = YES;
				CLANG_WARN_INFINITE_RECURSION = YES;
				CLANG_WARN_INT_CONVERSION = YES;
				CLANG_WARN_NON_LITERAL_NULL_CONVERSION = YES;
				CLANG_WARN_OBJC_IMPLICIT_RETAIN_SELF = YES;
				CLANG_WARN_OBJC_LITERAL_CONVERSION = YES;
				CLANG_WARN_OBJC_ROOT_CLASS = YES_ERROR;
				CLANG_WARN_QUOTED_INCLUDE_IN_FRAMEWORK_HEADER = YES;
				CLANG_WARN_RANGE_LOOP_ANALYSIS = YES;
				CLANG_WARN_STRICT_PROTOTYPES = YES;
				CLANG_WARN_SUSPICIOUS_MOVE = YES;
				CLANG_WARN_UNREACHABLE_CODE = YES;
				CLANG_WARN__DUPLICATE_METHOD_MATCH = YES;
				"CODE_SIGN_IDENTITY[sdk=iphoneos*]" = "iPhone Developer";
				COPY_PHASE_STRIP = NO;
				DEBUG_INFORMATION_FORMAT = dwarf;
				ENABLE_STRICT_OBJC_MSGSEND = YES;
				ENABLE_TESTABILITY = YES;
				GCC_C_LANGUAGE_STANDARD = gnu99;
				GCC_DYNAMIC_NO_PIC = NO;
				GCC_NO_COMMON_BLOCKS = YES;
				GCC_OPTIMIZATION_LEVEL = 0;
				GCC_PREPROCESSOR_DEFINITIONS = (
					"DEBUG=1",
					"$(inherited)",
				);
				GCC_WARN_64_TO_32_BIT_CONVERSION = YES;
				GCC_WARN_ABOUT_RETURN_TYPE = YES_ERROR;
				GCC_WARN_UNDECLARED_SELECTOR = YES;
				GCC_WARN_UNINITIALIZED_AUTOS = YES_AGGRESSIVE;
				GCC_WARN_UNUSED_FUNCTION = YES;
				GCC_WARN_UNUSED_VARIABLE = YES;
				IPHONEOS_DEPLOYMENT_TARGET = 12.0;
				MTL_ENABLE_DEBUG_INFO = YES;
				ONLY_ACTIVE_ARCH = YES;
				SDKROOT = iphoneos;
				TARGETED_DEVICE_FAMILY = "1,2";
			};
			name = Debug;
		};
		97C147041CF9000F007C117D /* Release */ = {
			isa = XCBuildConfiguration;
			baseConfigurationReference = 9740EEB31CF90195004384FC /* Generated.xcconfig */;
			buildSettings = {
				ALWAYS_SEARCH_USER_PATHS = NO;
				CLANG_ANALYZER_NONNULL = YES;
				CLANG_CXX_LANGUAGE_STANDARD = "c++17";
				CLANG_CXX_LIBRARY = "libc++";
				CLANG_ENABLE_MODULES = YES;
				CLANG_ENABLE_OBJC_ARC = YES;
				CLANG_WARN_BLOCK_CAPTURE_AUTORELEASING = YES;
				CLANG_WARN_BOOL_CONVERSION = YES;
				CLANG_WARN_COMMA = YES;
				CLANG_WARN_CONSTANT_CONVERSION = YES;
				CLANG_WARN_DEPRECATED_OBJC_IMPLEMENTATIONS = YES;
				CLANG_WARN_DIRECT_OBJC_ISA_USAGE = YES_ERROR;
				CLANG_WARN_EMPTY_BODY = YES;
				CLANG_WARN_ENUM_CONVERSION = YES;
				CLANG_WARN_INFINITE_RECURSION = YES;
				CLANG_WARN_INT_CONVERSION = YES;
				CLANG_WARN_NON_LITERAL_NULL_CONVERSION = YES;
				CLANG_WARN_OBJC_IMPLICIT_RETAIN_SELF = YES;
				CLANG_WARN_OBJC_LITERAL_CONVERSION = YES;
				CLANG_WARN_OBJC_ROOT_CLASS = YES_ERROR;
				CLANG_WARN_QUOTED_INCLUDE_IN_FRAMEWORK_HEADER = YES;
				CLANG_WARN_RANGE_LOOP_ANALYSIS = YES;
				CLANG_WARN_STRICT_PROTOTYPES = YES;
				CLANG_WARN_SUSPICIOUS_MOVE = YES;
				CLANG_WARN_UNREACHABLE_CODE = YES;
				CLANG_WARN__DUPLICATE_METHOD_MATCH = YES;
				"CODE_SIGN_IDENTITY[sdk=iphoneos*]" = "iPhone Developer";
				COPY_PHASE_STRIP = NO;
				DEBUG_INFORMATION_FORMAT = "dwarf-with-dsym";
				ENABLE_NS_ASSERTIONS = NO;
				ENABLE_STRICT_OBJC_MSGSEND = YES;
				GCC_C_LANGUAGE_STANDARD = gnu99;
				GCC_NO_COMMON_BLOCKS = YES;
				GCC_WARN_64_TO_32_BIT_CONVERSION = YES;
				GCC_WARN_ABOUT_RETURN_TYPE = YES_ERROR;
				GCC_WARN_UNDECLARED_SELECTOR = YES;
				GCC_WARN_UNINITIALIZED_AUTOS = YES_AGGRESSIVE;
				GCC_WARN_UNUSED_FUNCTION = YES;
				GCC_WARN_UNUSED_VARIABLE = YES;
				IPHONEOS_DEPLOYMENT_TARGET = 12.0;
				MTL_ENABLE_DEBUG_INFO = NO;
				SDKROOT = iphoneos;
				SUPPORTED_PLATFORMS = iphoneos;
				SWIFT_COMPILATION_MODE = wholemodule;
				SWIFT_OPTIMIZATION_LEVEL = "-O";
				TARGETED_DEVICE_FAMILY = "1,2";
				VALIDATE_PRODUCT = YES;
			};
			name = Release;
		};
		97C147061CF9000F007C117D /* Debug */ = {
			isa = XCBuildConfiguration;
			baseConfigurationReference = 06CC02F2A95D9D6686BA4A23 /* Pods-sanmill.debug.xcconfig */;
			buildSettings = {
				ASSETCATALOG_COMPILER_APPICON_NAME = AppIcon;
				CLANG_CXX_LANGUAGE_STANDARD = "c++17";
				CLANG_ENABLE_MODULES = YES;
				CURRENT_PROJECT_VERSION = "$(FLUTTER_BUILD_NUMBER)";
				DEVELOPMENT_TEAM = A7CJ43TU48;
				ENABLE_BITCODE = NO;
				GCC_PREPROCESSOR_DEFINITIONS = (
					"$(inherited)",
					"COCOAPODS=1",
					FLUTTER_UI,
				);
				INFOPLIST_FILE = Runner/Info.plist;
				INFOPLIST_KEY_CFBundleDisplayName = Mill;
				INFOPLIST_KEY_LSApplicationCategoryType = "public.app-category.board-games";
				LD_RUNPATH_SEARCH_PATHS = (
					"$(inherited)",
					"@executable_path/Frameworks",
				);
				MACH_O_TYPE = mh_execute;
				MARKETING_VERSION = 3.0.0;
				PRODUCT_BUNDLE_IDENTIFIER = com.calcitem.sanmill;
				PRODUCT_NAME = "$(TARGET_NAME)";
				SWIFT_OBJC_BRIDGING_HEADER = "";
				SWIFT_OPTIMIZATION_LEVEL = "-Onone";
				SWIFT_VERSION = 5.0;
				VERSIONING_SYSTEM = "apple-generic";
			};
			name = Debug;
		};
		97C147071CF9000F007C117D /* Release */ = {
			isa = XCBuildConfiguration;
			baseConfigurationReference = 7888BB061226FC8151699A21 /* Pods-sanmill.release.xcconfig */;
			buildSettings = {
				ASSETCATALOG_COMPILER_APPICON_NAME = AppIcon;
				CLANG_CXX_LANGUAGE_STANDARD = "c++17";
				CLANG_ENABLE_MODULES = YES;
				CURRENT_PROJECT_VERSION = "$(FLUTTER_BUILD_NUMBER)";
				DEVELOPMENT_TEAM = A7CJ43TU48;
				ENABLE_BITCODE = NO;
				GCC_PREPROCESSOR_DEFINITIONS = (
					"$(inherited)",
					"COCOAPODS=1",
					FLUTTER_UI,
				);
				INFOPLIST_FILE = Runner/Info.plist;
				INFOPLIST_KEY_CFBundleDisplayName = Mill;
				INFOPLIST_KEY_LSApplicationCategoryType = "public.app-category.board-games";
				LD_RUNPATH_SEARCH_PATHS = (
					"$(inherited)",
					"@executable_path/Frameworks",
				);
				MACH_O_TYPE = mh_execute;
				MARKETING_VERSION = 3.0.0;
				PRODUCT_BUNDLE_IDENTIFIER = com.calcitem.sanmill;
				PRODUCT_NAME = "$(TARGET_NAME)";
				SWIFT_OBJC_BRIDGING_HEADER = "";
				SWIFT_VERSION = 5.0;
				VERSIONING_SYSTEM = "apple-generic";
			};
			name = Release;
		};
/* End XCBuildConfiguration section */

/* Begin XCConfigurationList section */
		97C146E91CF9000F007C117D /* Build configuration list for PBXProject "sanmill" */ = {
			isa = XCConfigurationList;
			buildConfigurations = (
				97C147031CF9000F007C117D /* Debug */,
				97C147041CF9000F007C117D /* Release */,
				249021D3217E4FDB00AE95B9 /* Profile */,
			);
			defaultConfigurationIsVisible = 0;
			defaultConfigurationName = Release;
		};
		97C147051CF9000F007C117D /* Build configuration list for PBXNativeTarget "sanmill" */ = {
			isa = XCConfigurationList;
			buildConfigurations = (
				97C147061CF9000F007C117D /* Debug */,
				97C147071CF9000F007C117D /* Release */,
				249021D4217E4FDB00AE95B9 /* Profile */,
			);
			defaultConfigurationIsVisible = 0;
			defaultConfigurationName = Release;
		};
/* End XCConfigurationList section */
	};
	rootObject = 97C146E61CF9000F007C117D /* Project object */;
}
