PODS:
  - app_links (6.4.1):
    - FlutterMacOS
  - audioplayers_darwin (0.0.1):
    - Flutter
    - FlutterMacOS
  - device_info_plus (0.0.1):
    - FlutterMacOS
  - file_picker (0.0.1):
    - Flutter
    - FlutterMacOS
  - file_selector_macos (0.0.1):
    - FlutterMacOS
  - flutter_secure_storage_darwin (10.0.0):
    - Flutter
    - FlutterMacOS
  - flutter_zxing (0.0.1):
    - FlutterMacOS
  - FlutterMacOS (1.0.0)
  - network_info_plus (0.0.1):
    - FlutterMacOS
  - package_info_plus (0.0.1):
    - FlutterMacOS
  - rust_lib_sanmill (0.0.1):
    - FlutterMacOS
  - share_plus (0.0.1):
    - FlutterMacOS
  - universal_ble (0.0.1):
    - Flutter
    - FlutterMacOS
  - url_launcher_macos (0.0.1):
    - FlutterMacOS

DEPENDENCIES:
  - app_links (from `Flutter/ephemeral/.symlinks/plugins/app_links/macos`)
  - audioplayers_darwin (from `Flutter/ephemeral/.symlinks/plugins/audioplayers_darwin/darwin`)
  - device_info_plus (from `Flutter/ephemeral/.symlinks/plugins/device_info_plus/macos`)
  - file_picker (from `Flutter/ephemeral/.symlinks/plugins/file_picker/darwin`)
  - file_selector_macos (from `Flutter/ephemeral/.symlinks/plugins/file_selector_macos/macos`)
  - flutter_secure_storage_darwin (from `Flutter/ephemeral/.symlinks/plugins/flutter_secure_storage_darwin/darwin`)
  - flutter_zxing (from `Flutter/ephemeral/.symlinks/plugins/flutter_zxing/macos`)
  - FlutterMacOS (from `Flutter/ephemeral`)
  - network_info_plus (from `Flutter/ephemeral/.symlinks/plugins/network_info_plus/macos`)
  - package_info_plus (from `Flutter/ephemeral/.symlinks/plugins/package_info_plus/macos`)
  - rust_lib_sanmill (from `Flutter/ephemeral/.symlinks/plugins/rust_lib_sanmill/macos`)
  - share_plus (from `Flutter/ephemeral/.symlinks/plugins/share_plus/macos`)
  - universal_ble (from `Flutter/ephemeral/.symlinks/plugins/universal_ble/darwin`)
  - url_launcher_macos (from `Flutter/ephemeral/.symlinks/plugins/url_launcher_macos/macos`)

EXTERNAL SOURCES:
  app_links:
    :path: Flutter/ephemeral/.symlinks/plugins/app_links/macos
  audioplayers_darwin:
    :path: Flutter/ephemeral/.symlinks/plugins/audioplayers_darwin/darwin
  device_info_plus:
    :path: Flutter/ephemeral/.symlinks/plugins/device_info_plus/macos
  file_picker:
    :path: Flutter/ephemeral/.symlinks/plugins/file_picker/darwin
  file_selector_macos:
    :path: Flutter/ephemeral/.symlinks/plugins/file_selector_macos/macos
  flutter_secure_storage_darwin:
    :path: Flutter/ephemeral/.symlinks/plugins/flutter_secure_storage_darwin/darwin
  flutter_zxing:
    :path: Flutter/ephemeral/.symlinks/plugins/flutter_zxing/macos
  FlutterMacOS:
    :path: Flutter/ephemeral
  network_info_plus:
    :path: Flutter/ephemeral/.symlinks/plugins/network_info_plus/macos
  package_info_plus:
    :path: Flutter/ephemeral/.symlinks/plugins/package_info_plus/macos
  rust_lib_sanmill:
    :path: Flutter/ephemeral/.symlinks/plugins/rust_lib_sanmill/macos
  share_plus:
    :path: Flutter/ephemeral/.symlinks/plugins/share_plus/macos
  universal_ble:
    :path: Flutter/ephemeral/.symlinks/plugins/universal_ble/darwin
  url_launcher_macos:
    :path: Flutter/ephemeral/.symlinks/plugins/url_launcher_macos/macos

SPEC CHECKSUMS:
  app_links: 05a6ec2341985eb05e9f97dc63f5837c39895c3f
  audioplayers_darwin: 835ced6edd4c9fc8ebb0a7cc9e294a91d99917d5
  device_info_plus: 4fb280989f669696856f8b129e4a5e3cd6c48f76
  file_picker: 70164d9778c42c47218d6cd79ce435de0856b11a
  file_selector_macos: 9e9e068e90ebee155097d00e89ae91edb2374db7
  flutter_secure_storage_darwin: acdb3f316ed05a3e68f856e0353b133eec373a23
  flutter_zxing: 1af0645a05ed657cf3c69c3407a5246b568e5295
  FlutterMacOS: d0db08ddef1a9af05a5ec4b724367152bb0500b1
  network_info_plus: 21d1cd6a015ccb2fdff06a1fbfa88d54b4e92f61
  package_info_plus: f0052d280d17aa382b932f399edf32507174e870
  rust_lib_sanmill: d7174accf0db59f17c4ecddae9bea33f20e6b1db
  share_plus: 510bf0af1a42cd602274b4629920c9649c52f4cc
  universal_ble: a322ebabee64f0ec27a313e89a5dd6967f37a60f
  url_launcher_macos: f87a979182d112f911de6820aefddaf56ee9fbfd

PODFILE CHECKSUM: 9ebaf0ce3d369aaa26a9ea0e159195ed94724cf3

COCOAPODS: 1.16.2
